// !$*UTF8*$!
{
	archiveVersion = 1;
	classes = {
	};
	objectVersion = 46;
	objects = {

/* Begin PBXBuildFile section */
		41B5921C1A2AC31B000B77A8 /* AppDelegate.swift in Sources */ = {isa = PBXBuildFile; fileRef = 41B5921B1A2AC31B000B77A8 /* AppDelegate.swift */; };
		41B5921E1A2AC31B000B77A8 /* ViewController.swift in Sources */ = {isa = PBXBuildFile; fileRef = 41B5921D1A2AC31B000B77A8 /* ViewController.swift */; };
		41B592211A2AC31B000B77A8 /* Main.storyboard in Resources */ = {isa = PBXBuildFile; fileRef = 41B5921F1A2AC31B000B77A8 /* Main.storyboard */; };
		41B592231A2AC31B000B77A8 /* Images.xcassets in Resources */ = {isa = PBXBuildFile; fileRef = 41B592221A2AC31B000B77A8 /* Images.xcassets */; };
		41B592261A2AC31B000B77A8 /* LaunchScreen.xib in Resources */ = {isa = PBXBuildFile; fileRef = 41B592241A2AC31B000B77A8 /* LaunchScreen.xib */; };
		41B592321A2AC31B000B77A8 /* DatePickerTests.swift in Sources */ = {isa = PBXBuildFile; fileRef = 41B592311A2AC31B000B77A8 /* DatePickerTests.swift */; };
/* End PBXBuildFile section */

/* Begin PBXContainerItemProxy section */
		41B5922C1A2AC31B000B77A8 /* PBXContainerItemProxy */ = {
			isa = PBXContainerItemProxy;
			containerPortal = 41B5920E1A2AC31B000B77A8 /* Project object */;
			proxyType = 1;
			remoteGlobalIDString = 41B592151A2AC31B000B77A8;
			remoteInfo = DatePicker;
		};
/* End PBXContainerItemProxy section */

/* Begin PBXFileReference section */
		41B592161A2AC31B000B77A8 /* DatePicker.app */ = {isa = PBXFileReference; explicitFileType = wrapper.application; includeInIndex = 0; path = DatePicker.app; sourceTree = BUILT_PRODUCTS_DIR; };
		41B5921A1A2AC31B000B77A8 /* Info.plist */ = {isa = PBXFileReference; lastKnownFileType = text.plist.xml; path = Info.plist; sourceTree = "<group>"; };
		41B5921B1A2AC31B000B77A8 /* AppDelegate.swift */ = {isa = PBXFileReference; lastKnownFileType = sourcecode.swift; path = AppDelegate.swift; sourceTree = "<group>"; };
		41B5921D1A2AC31B000B77A8 /* ViewController.swift */ = {isa = PBXFileReference; lastKnownFileType = sourcecode.swift; path = ViewController.swift; sourceTree = "<group>"; };
		41B592201A2AC31B000B77A8 /* Base */ = {isa = PBXFileReference; lastKnownFileType = file.storyboard; name = Base; path = Base.lproj/Main.storyboard; sourceTree = "<group>"; };
		41B592221A2AC31B000B77A8 /* Images.xcassets */ = {isa = PBXFileReference; lastKnownFileType = folder.assetcatalog; path = Images.xcassets; sourceTree = "<group>"; };
		41B592251A2AC31B000B77A8 /* Base */ = {isa = PBXFileReference; lastKnownFileType = file.xib; name = Base; path = Base.lproj/LaunchScreen.xib; sourceTree = "<group>"; };
		41B5922B1A2AC31B000B77A8 /* DatePickerTests.xctest */ = {isa = PBXFileReference; explicitFileType = wrapper.cfbundle; includeInIndex = 0; path = DatePickerTests.xctest; sourceTree = BUILT_PRODUCTS_DIR; };
		41B592301A2AC31B000B77A8 /* Info.plist */ = {isa = PBXFileReference; lastKnownFileType = text.plist.xml; path = Info.plist; sourceTree = "<group>"; };
		41B592311A2AC31B000B77A8 /* DatePickerTests.swift */ = {isa = PBXFileReference; lastKnownFileType = sourcecode.swift; path = DatePickerTests.swift; sourceTree = "<group>"; };
/* End PBXFileReference section */

/* Begin PBXFrameworksBuildPhase section */
		41B592131A2AC31B000B77A8 /* Frameworks */ = {
			isa = PBXFrameworksBuildPhase;
			buildActionMask = 2147483647;
			files = (
			);
			runOnlyForDeploymentPostprocessing = 0;
		};
		41B592281A2AC31B000B77A8 /* Frameworks */ = {
			isa = PBXFrameworksBuildPhase;
			buildActionMask = 2147483647;
			files = (
			);
			runOnlyForDeploymentPostprocessing = 0;
		};
/* End PBXFrameworksBuildPhase section */

/* Begin PBXGroup section */
		41B5920D1A2AC31B000B77A8 = {
			isa = PBXGroup;
			children = (
				41B592181A2AC31B000B77A8 /* DatePicker */,
				41B5922E1A2AC31B000B77A8 /* DatePickerTests */,
				41B592171A2AC31B000B77A8 /* Products */,
			);
			sourceTree = "<group>";
		};
		41B592171A2AC31B000B77A8 /* Products */ = {
			isa = PBXGroup;
			children = (
				41B592161A2AC31B000B77A8 /* DatePicker.app */,
				41B5922B1A2AC31B000B77A8 /* DatePickerTests.xctest */,
			);
			name = Products;
			sourceTree = "<group>";
		};
		41B592181A2AC31B000B77A8 /* DatePicker */ = {
			isa = PBXGroup;
			children = (
				41B5921B1A2AC31B000B77A8 /* AppDelegate.swift */,
				41B5921D1A2AC31B000B77A8 /* ViewController.swift */,
				41B5921F1A2AC31B000B77A8 /* Main.storyboard */,
				41B592221A2AC31B000B77A8 /* Images.xcassets */,
				41B592241A2AC31B000B77A8 /* LaunchScreen.xib */,
				41B592191A2AC31B000B77A8 /* Supporting Files */,
			);
			path = DatePicker;
			sourceTree = "<group>";
		};
		41B592191A2AC31B000B77A8 /* Supporting Files */ = {
			isa = PBXGroup;
			children = (
				41B5921A1A2AC31B000B77A8 /* Info.plist */,
			);
			name = "Supporting Files";
			sourceTree = "<group>";
		};
		41B5922E1A2AC31B000B77A8 /* DatePickerTests */ = {
			isa = PBXGroup;
			children = (
				41B592311A2AC31B000B77A8 /* DatePickerTests.swift */,
				41B5922F1A2AC31B000B77A8 /* Supporting Files */,
			);
			path = DatePickerTests;
			sourceTree = "<group>";
		};
		41B5922F1A2AC31B000B77A8 /* Supporting Files */ = {
			isa = PBXGroup;
			children = (
				41B592301A2AC31B000B77A8 /* Info.plist */,
			);
			name = "Supporting Files";
			sourceTree = "<group>";
		};
/* End PBXGroup section */

/* Begin PBXNativeTarget section */
		41B592151A2AC31B000B77A8 /* DatePicker */ = {
			isa = PBXNativeTarget;
			buildConfigurationList = 41B592351A2AC31B000B77A8 /* Build configuration list for PBXNativeTarget "DatePicker" */;
			buildPhases = (
				41B592121A2AC31B000B77A8 /* Sources */,
				41B592131A2AC31B000B77A8 /* Frameworks */,
				41B592141A2AC31B000B77A8 /* Resources */,
			);
			buildRules = (
			);
			dependencies = (
			);
			name = DatePicker;
			productName = DatePicker;
			productReference = 41B592161A2AC31B000B77A8 /* DatePicker.app */;
			productType = "com.apple.product-type.application";
		};
		41B5922A1A2AC31B000B77A8 /* DatePickerTests */ = {
			isa = PBXNativeTarget;
			buildConfigurationList = 41B592381A2AC31B000B77A8 /* Build configuration list for PBXNativeTarget "DatePickerTests" */;
			buildPhases = (
				41B592271A2AC31B000B77A8 /* Sources */,
				41B592281A2AC31B000B77A8 /* Frameworks */,
				41B592291A2AC31B000B77A8 /* Resources */,
			);
			buildRules = (
			);
			dependencies = (
				41B5922D1A2AC31B000B77A8 /* PBXTargetDependency */,
			);
			name = DatePickerTests;
			productName = DatePickerTests;
			productReference = 41B5922B1A2AC31B000B77A8 /* DatePickerTests.xctest */;
			productType = "com.apple.product-type.bundle.unit-test";
		};
/* End PBXNativeTarget section */

/* Begin PBXProject section */
		41B5920E1A2AC31B000B77A8 /* Project object */ = {
			isa = PBXProject;
			attributes = {
				LastUpgradeCheck = 0610;
				ORGANIZATIONNAME = "Ricardo Valério";
				TargetAttributes = {
					41B592151A2AC31B000B77A8 = {
						CreatedOnToolsVersion = 6.1;
					};
					41B5922A1A2AC31B000B77A8 = {
						CreatedOnToolsVersion = 6.1;
						TestTargetID = 41B592151A2AC31B000B77A8;
					};
				};
			};
			buildConfigurationList = 41B592111A2AC31B000B77A8 /* Build configuration list for PBXProject "DatePicker" */;
			compatibilityVersion = "Xcode 3.2";
			developmentRegion = English;
			hasScannedForEncodings = 0;
			knownRegions = (
				en,
				Base,
			);
			mainGroup = 41B5920D1A2AC31B000B77A8;
			productRefGroup = 41B592171A2AC31B000B77A8 /* Products */;
			projectDirPath = "";
			projectRoot = "";
			targets = (
				41B592151A2AC31B000B77A8 /* DatePicker */,
				41B5922A1A2AC31B000B77A8 /* DatePickerTests */,
			);
		};
/* End PBXProject section */

/* Begin PBXResourcesBuildPhase section */
		41B592141A2AC31B000B77A8 /* Resources */ = {
			isa = PBXResourcesBuildPhase;
			buildActionMask = 2147483647;
			files = (
				41B592211A2AC31B000B77A8 /* Main.storyboard in Resources */,
				41B592261A2AC31B000B77A8 /* LaunchScreen.xib in Resources */,
				41B592231A2AC31B000B77A8 /* Images.xcassets in Resources */,
			);
			runOnlyForDeploymentPostprocessing = 0;
		};
		41B592291A2AC31B000B77A8 /* Resources */ = {
			isa = PBXResourcesBuildPhase;
			buildActionMask = 2147483647;
			files = (
			);
			runOnlyForDeploymentPostprocessing = 0;
		};
/* End PBXResourcesBuildPhase section */

/* Begin PBXSourcesBuildPhase section */
		41B592121A2AC31B000B77A8 /* Sources */ = {
			isa = PBXSourcesBuildPhase;
			buildActionMask = 2147483647;
			files = (
				41B5921E1A2AC31B000B77A8 /* ViewController.swift in Sources */,
				41B5921C1A2AC31B000B77A8 /* AppDelegate.swift in Sources */,
			);
			runOnlyForDeploymentPostprocessing = 0;
		};
		41B592271A2AC31B000B77A8 /* Sources */ = {
			isa = PBXSourcesBuildPhase;
			buildActionMask = 2147483647;
			files = (
				41B592321A2AC31B000B77A8 /* DatePickerTests.swift in Sources */,
			);
			runOnlyForDeploymentPostprocessing = 0;
		};
/* End PBXSourcesBuildPhase section */

/* Begin PBXTargetDependency section */
		41B5922D1A2AC31B000B77A8 /* PBXTargetDependency */ = {
			isa = PBXTargetDependency;
			target = 41B592151A2AC31B000B77A8 /* DatePicker */;
			targetProxy = 41B5922C1A2AC31B000B77A8 /* PBXContainerItemProxy */;
		};
/* End PBXTargetDependency section */

/* Begin PBXVariantGroup section */
		41B5921F1A2AC31B000B77A8 /* Main.storyboard */ = {
			isa = PBXVariantGroup;
			children = (
				41B592201A2AC31B000B77A8 /* Base */,
			);
			name = Main.storyboard;
			sourceTree = "<group>";
		};
		41B592241A2AC31B000B77A8 /* LaunchScreen.xib */ = {
			isa = PBXVariantGroup;
			children = (
				41B592251A2AC31B000B77A8 /* Base */,
			);
			name = LaunchScreen.xib;
			sourceTree = "<group>";
		};
/* End PBXVariantGroup section */

/* Begin XCBuildConfiguration section */
		41B592331A2AC31B000B77A8 /* Debug */ = {
			isa = XCBuildConfiguration;
			buildSettings = {
				ALWAYS_SEARCH_USER_PATHS = NO;
				CLANG_CXX_LANGUAGE_STANDARD = "gnu++0x";
				CLANG_CXX_LIBRARY = "libc++";
				CLANG_ENABLE_MODULES = YES;
				CLANG_ENABLE_OBJC_ARC = YES;
				CLANG_WARN_BOOL_CONVERSION = YES;
				CLANG_WARN_CONSTANT_CONVERSION = YES;
				CLANG_WARN_DIRECT_OBJC_ISA_USAGE = YES_ERROR;
				CLANG_WARN_EMPTY_BODY = YES;
				CLANG_WARN_ENUM_CONVERSION = YES;
				CLANG_WARN_INT_CONVERSION = YES;
				CLANG_WARN_OBJC_ROOT_CLASS = YES_ERROR;
				CLANG_WARN_UNREACHABLE_CODE = YES;
				CLANG_WARN__DUPLICATE_METHOD_MATCH = YES;
				"CODE_SIGN_IDENTITY[sdk=iphoneos*]" = "iPhone Developer";
				COPY_PHASE_STRIP = NO;
				ENABLE_STRICT_OBJC_MSGSEND = YES;
				GCC_C_LANGUAGE_STANDARD = gnu99;
				GCC_DYNAMIC_NO_PIC = NO;
				GCC_OPTIMIZATION_LEVEL = 0;
				GCC_PREPROCESSOR_DEFINITIONS = (
					"DEBUG=1",
					"$(inherited)",
				);
				GCC_SYMBOLS_PRIVATE_EXTERN = NO;
				GCC_WARN_64_TO_32_BIT_CONVERSION = YES;
				GCC_WARN_ABOUT_RETURN_TYPE = YES_ERROR;
				GCC_WARN_UNDECLARED_SELECTOR = YES;
				GCC_WARN_UNINITIALIZED_AUTOS = YES_AGGRESSIVE;
				GCC_WARN_UNUSED_FUNCTION = YES;
				GCC_WARN_UNUSED_VARIABLE = YES;
				IPHONEOS_DEPLOYMENT_TARGET = 8.1;
				MTL_ENABLE_DEBUG_INFO = YES;
				ONLY_ACTIVE_ARCH = YES;
				SDKROOT = iphoneos;
				SWIFT_OPTIMIZATION_LEVEL = "-Onone";
			};
			name = Debug;
		};
		41B592341A2AC31B000B77A8 /* Release */ = {
			isa = XCBuildConfiguration;
			buildSettings = {
				ALWAYS_SEARCH_USER_PATHS = NO;
				CLANG_CXX_LANGUAGE_STANDARD = "gnu++0x";
				CLANG_CXX_LIBRARY = "libc++";
				CLANG_ENABLE_MODULES = YES;
				CLANG_ENABLE_OBJC_ARC = YES;
				CLANG_WARN_BOOL_CONVERSION = YES;
				CLANG_WARN_CONSTANT_CONVERSION = YES;
				CLANG_WARN_DIRECT_OBJC_ISA_USAGE = YES_ERROR;
				CLANG_WARN_EMPTY_BODY = YES;
				CLANG_WARN_ENUM_CONVERSION = YES;
				CLANG_WARN_INT_CONVERSION = YES;
				CLANG_WARN_OBJC_ROOT_CLASS = YES_ERROR;
				CLANG_WARN_UNREACHABLE_CODE = YES;
				CLANG_WARN__DUPLICATE_METHOD_MATCH = YES;
				"CODE_SIGN_IDENTITY[sdk=iphoneos*]" = "iPhone Developer";
				COPY_PHASE_STRIP = YES;
				ENABLE_NS_ASSERTIONS = NO;
				ENABLE_STRICT_OBJC_MSGSEND = YES;
				GCC_C_LANGUAGE_STANDARD = gnu99;
				GCC_WARN_64_TO_32_BIT_CONVERSION = YES;
				GCC_WARN_ABOUT_RETURN_TYPE = YES_ERROR;
				GCC_WARN_UNDECLARED_SELECTOR = YES;
				GCC_WARN_UNINITIALIZED_AUTOS = YES_AGGRESSIVE;
				GCC_WARN_UNUSED_FUNCTION = YES;
				GCC_WARN_UNUSED_VARIABLE = YES;
				IPHONEOS_DEPLOYMENT_TARGET = 8.1;
				MTL_ENABLE_DEBUG_INFO = NO;
				SDKROOT = iphoneos;
				VALIDATE_PRODUCT = YES;
			};
			name = Release;
		};
		41B592361A2AC31B000B77A8 /* Debug */ = {
			isa = XCBuildConfiguration;
			buildSettings = {
				ASSETCATALOG_COMPILER_APPICON_NAME = AppIcon;
				INFOPLIST_FILE = DatePicker/Info.plist;
				LD_RUNPATH_SEARCH_PATHS = "$(inherited) @executable_path/Frameworks";
				PRODUCT_NAME = "$(TARGET_NAME)";
			};
			name = Debug;
		};
		41B592371A2AC31B000B77A8 /* Release */ = {
			isa = XCBuildConfiguration;
			buildSettings = {
				ASSETCATALOG_COMPILER_APPICON_NAME = AppIcon;
				INFOPLIST_FILE = DatePicker/Info.plist;
				LD_RUNPATH_SEARCH_PATHS = "$(inherited) @executable_path/Frameworks";
				PRODUCT_NAME = "$(TARGET_NAME)";
			};
			name = Release;
		};
		41B592391A2AC31B000B77A8 /* Debug */ = {
			isa = XCBuildConfiguration;
			buildSettings = {
				BUNDLE_LOADER = "$(TEST_HOST)";
				FRAMEWORK_SEARCH_PATHS = (
					"$(SDKROOT)/Developer/Library/Frameworks",
					"$(inherited)",
				);
				GCC_PREPROCESSOR_DEFINITIONS = (
					"DEBUG=1",
					"$(inherited)",
				);
				INFOPLIST_FILE = DatePickerTests/Info.plist;
				LD_RUNPATH_SEARCH_PATHS = "$(inherited) @executable_path/Frameworks @loader_path/Frameworks";
				PRODUCT_NAME = "$(TARGET_NAME)";
				TEST_HOST = "$(BUILT_PRODUCTS_DIR)/DatePicker.app/DatePicker";
			};
			name = Debug;
		};
		41B5923A1A2AC31B000B77A8 /* Release */ = {
			isa = XCBuildConfiguration;
			buildSettings = {
				BUNDLE_LOADER = "$(TEST_HOST)";
				FRAMEWORK_SEARCH_PATHS = (
					"$(SDKROOT)/Developer/Library/Frameworks",
					"$(inherited)",
				);
				INFOPLIST_FILE = DatePickerTests/Info.plist;
				LD_RUNPATH_SEARCH_PATHS = "$(inherited) @executable_path/Frameworks @loader_path/Frameworks";
				PRODUCT_NAME = "$(TARGET_NAME)";
				TEST_HOST = "$(BUILT_PRODUCTS_DIR)/DatePicker.app/DatePicker";
			};
			name = Release;
		};
/* End XCBuildConfiguration section */

/* Begin XCConfigurationList section */
		41B592111A2AC31B000B77A8 /* Build configuration list for PBXProject "DatePicker" */ = {
			isa = XCConfigurationList;
			buildConfigurations = (
				41B592331A2AC31B000B77A8 /* Debug */,
				41B592341A2AC31B000B77A8 /* Release */,
			);
			defaultConfigurationIsVisible = 0;
			defaultConfigurationName = Release;
		};
		41B592351A2AC31B000B77A8 /* Build configuration list for PBXNativeTarget "DatePicker" */ = {
			isa = XCConfigurationList;
			buildConfigurations = (
				41B592361A2AC31B000B77A8 /* Debug */,
				41B592371A2AC31B000B77A8 /* Release */,
			);
			defaultConfigurationIsVisible = 0;
		};
		41B592381A2AC31B000B77A8 /* Build configuration list for PBXNativeTarget "DatePickerTests" */ = {
			isa = XCConfigurationList;
			buildConfigurations = (
				41B592391A2AC31B000B77A8 /* Debug */,
				41B5923A1A2AC31B000B77A8 /* Release */,
			);
			defaultConfigurationIsVisible = 0;
		};
/* End XCConfigurationList section */
	};
	rootObject = 41B5920E1A2AC31B000B77A8 /* Project object */;
}
