// !$*UTF8*$!
{
	archiveVersion = 1;
	classes = {
	};
	objectVersion = 46;
	objects = {

/* Begin PBXBuildFile section */
		410D15061A8A4E9500B576D4 /* AppDelegate.swift in Sources */ = {isa = PBXBuildFile; fileRef = 410D15051A8A4E9500B576D4 /* AppDelegate.swift */; };
		410D15081A8A4E9500B576D4 /* ViewController.swift in Sources */ = {isa = PBXBuildFile; fileRef = 410D15071A8A4E9500B576D4 /* ViewController.swift */; };
		410D150B1A8A4E9500B576D4 /* Main.storyboard in Resources */ = {isa = PBXBuildFile; fileRef = 410D15091A8A4E9500B576D4 /* Main.storyboard */; };
		410D150D1A8A4E9500B576D4 /* Images.xcassets in Resources */ = {isa = PBXBuildFile; fileRef = 410D150C1A8A4E9500B576D4 /* Images.xcassets */; };
		410D15101A8A4E9500B576D4 /* LaunchScreen.xib in Resources */ = {isa = PBXBuildFile; fileRef = 410D150E1A8A4E9500B576D4 /* LaunchScreen.xib */; };
		410D151C1A8A4E9500B576D4 /* NavigationBarTests.swift in Sources */ = {isa = PBXBuildFile; fileRef = 410D151B1A8A4E9500B576D4 /* NavigationBarTests.swift */; };
/* End PBXBuildFile section */

/* Begin PBXContainerItemProxy section */
		410D15161A8A4E9500B576D4 /* PBXContainerItemProxy */ = {
			isa = PBXContainerItemProxy;
			containerPortal = 410D14F81A8A4E9500B576D4 /* Project object */;
			proxyType = 1;
			remoteGlobalIDString = 410D14FF1A8A4E9500B576D4;
			remoteInfo = NavigationBar;
		};
/* End PBXContainerItemProxy section */

/* Begin PBXFileReference section */
		410D15001A8A4E9500B576D4 /* NavigationBar.app */ = {isa = PBXFileReference; explicitFileType = wrapper.application; includeInIndex = 0; path = NavigationBar.app; sourceTree = BUILT_PRODUCTS_DIR; };
		410D15041A8A4E9500B576D4 /* Info.plist */ = {isa = PBXFileReference; lastKnownFileType = text.plist.xml; path = Info.plist; sourceTree = "<group>"; };
		410D15051A8A4E9500B576D4 /* AppDelegate.swift */ = {isa = PBXFileReference; lastKnownFileType = sourcecode.swift; path = AppDelegate.swift; sourceTree = "<group>"; };
		410D15071A8A4E9500B576D4 /* ViewController.swift */ = {isa = PBXFileReference; lastKnownFileType = sourcecode.swift; path = ViewController.swift; sourceTree = "<group>"; };
		410D150A1A8A4E9500B576D4 /* Base */ = {isa = PBXFileReference; lastKnownFileType = file.storyboard; name = Base; path = Base.lproj/Main.storyboard; sourceTree = "<group>"; };
		410D150C1A8A4E9500B576D4 /* Images.xcassets */ = {isa = PBXFileReference; lastKnownFileType = folder.assetcatalog; path = Images.xcassets; sourceTree = "<group>"; };
		410D150F1A8A4E9500B576D4 /* Base */ = {isa = PBXFileReference; lastKnownFileType = file.xib; name = Base; path = Base.lproj/LaunchScreen.xib; sourceTree = "<group>"; };
		410D15151A8A4E9500B576D4 /* NavigationBarTests.xctest */ = {isa = PBXFileReference; explicitFileType = wrapper.cfbundle; includeInIndex = 0; path = NavigationBarTests.xctest; sourceTree = BUILT_PRODUCTS_DIR; };
		410D151A1A8A4E9500B576D4 /* Info.plist */ = {isa = PBXFileReference; lastKnownFileType = text.plist.xml; path = Info.plist; sourceTree = "<group>"; };
		410D151B1A8A4E9500B576D4 /* NavigationBarTests.swift */ = {isa = PBXFileReference; lastKnownFileType = sourcecode.swift; path = NavigationBarTests.swift; sourceTree = "<group>"; };
/* End PBXFileReference section */

/* Begin PBXFrameworksBuildPhase section */
		410D14FD1A8A4E9500B576D4 /* Frameworks */ = {
			isa = PBXFrameworksBuildPhase;
			buildActionMask = 2147483647;
			files = (
			);
			runOnlyForDeploymentPostprocessing = 0;
		};
		410D15121A8A4E9500B576D4 /* Frameworks */ = {
			isa = PBXFrameworksBuildPhase;
			buildActionMask = 2147483647;
			files = (
			);
			runOnlyForDeploymentPostprocessing = 0;
		};
/* End PBXFrameworksBuildPhase section */

/* Begin PBXGroup section */
		410D14F71A8A4E9500B576D4 = {
			isa = PBXGroup;
			children = (
				410D15021A8A4E9500B576D4 /* NavigationBar */,
				410D15181A8A4E9500B576D4 /* NavigationBarTests */,
				410D15011A8A4E9500B576D4 /* Products */,
			);
			sourceTree = "<group>";
		};
		410D15011A8A4E9500B576D4 /* Products */ = {
			isa = PBXGroup;
			children = (
				410D15001A8A4E9500B576D4 /* NavigationBar.app */,
				410D15151A8A4E9500B576D4 /* NavigationBarTests.xctest */,
			);
			name = Products;
			sourceTree = "<group>";
		};
		410D15021A8A4E9500B576D4 /* NavigationBar */ = {
			isa = PBXGroup;
			children = (
				410D15051A8A4E9500B576D4 /* AppDelegate.swift */,
				410D15071A8A4E9500B576D4 /* ViewController.swift */,
				410D15091A8A4E9500B576D4 /* Main.storyboard */,
				410D150C1A8A4E9500B576D4 /* Images.xcassets */,
				410D150E1A8A4E9500B576D4 /* LaunchScreen.xib */,
				410D15031A8A4E9500B576D4 /* Supporting Files */,
			);
			path = NavigationBar;
			sourceTree = "<group>";
		};
		410D15031A8A4E9500B576D4 /* Supporting Files */ = {
			isa = PBXGroup;
			children = (
				410D15041A8A4E9500B576D4 /* Info.plist */,
			);
			name = "Supporting Files";
			sourceTree = "<group>";
		};
		410D15181A8A4E9500B576D4 /* NavigationBarTests */ = {
			isa = PBXGroup;
			children = (
				410D151B1A8A4E9500B576D4 /* NavigationBarTests.swift */,
				410D15191A8A4E9500B576D4 /* Supporting Files */,
			);
			path = NavigationBarTests;
			sourceTree = "<group>";
		};
		410D15191A8A4E9500B576D4 /* Supporting Files */ = {
			isa = PBXGroup;
			children = (
				410D151A1A8A4E9500B576D4 /* Info.plist */,
			);
			name = "Supporting Files";
			sourceTree = "<group>";
		};
/* End PBXGroup section */

/* Begin PBXNativeTarget section */
		410D14FF1A8A4E9500B576D4 /* NavigationBar */ = {
			isa = PBXNativeTarget;
			buildConfigurationList = 410D151F1A8A4E9500B576D4 /* Build configuration list for PBXNativeTarget "NavigationBar" */;
			buildPhases = (
				410D14FC1A8A4E9500B576D4 /* Sources */,
				410D14FD1A8A4E9500B576D4 /* Frameworks */,
				410D14FE1A8A4E9500B576D4 /* Resources */,
			);
			buildRules = (
			);
			dependencies = (
			);
			name = NavigationBar;
			productName = NavigationBar;
			productReference = 410D15001A8A4E9500B576D4 /* NavigationBar.app */;
			productType = "com.apple.product-type.application";
		};
		410D15141A8A4E9500B576D4 /* NavigationBarTests */ = {
			isa = PBXNativeTarget;
			buildConfigurationList = 410D15221A8A4E9500B576D4 /* Build configuration list for PBXNativeTarget "NavigationBarTests" */;
			buildPhases = (
				410D15111A8A4E9500B576D4 /* Sources */,
				410D15121A8A4E9500B576D4 /* Frameworks */,
				410D15131A8A4E9500B576D4 /* Resources */,
			);
			buildRules = (
			);
			dependencies = (
				410D15171A8A4E9500B576D4 /* PBXTargetDependency */,
			);
			name = NavigationBarTests;
			productName = NavigationBarTests;
			productReference = 410D15151A8A4E9500B576D4 /* NavigationBarTests.xctest */;
			productType = "com.apple.product-type.bundle.unit-test";
		};
/* End PBXNativeTarget section */

/* Begin PBXProject section */
		410D14F81A8A4E9500B576D4 /* Project object */ = {
			isa = PBXProject;
			attributes = {
				LastUpgradeCheck = 0610;
				ORGANIZATIONNAME = "Ricardo Valério";
				TargetAttributes = {
					410D14FF1A8A4E9500B576D4 = {
						CreatedOnToolsVersion = 6.1.1;
					};
					410D15141A8A4E9500B576D4 = {
						CreatedOnToolsVersion = 6.1.1;
						TestTargetID = 410D14FF1A8A4E9500B576D4;
					};
				};
			};
			buildConfigurationList = 410D14FB1A8A4E9500B576D4 /* Build configuration list for PBXProject "NavigationBar" */;
			compatibilityVersion = "Xcode 3.2";
			developmentRegion = English;
			hasScannedForEncodings = 0;
			knownRegions = (
				en,
				Base,
			);
			mainGroup = 410D14F71A8A4E9500B576D4;
			productRefGroup = 410D15011A8A4E9500B576D4 /* Products */;
			projectDirPath = "";
			projectRoot = "";
			targets = (
				410D14FF1A8A4E9500B576D4 /* NavigationBar */,
				410D15141A8A4E9500B576D4 /* NavigationBarTests */,
			);
		};
/* End PBXProject section */

/* Begin PBXResourcesBuildPhase section */
		410D14FE1A8A4E9500B576D4 /* Resources */ = {
			isa = PBXResourcesBuildPhase;
			buildActionMask = 2147483647;
			files = (
				410D150B1A8A4E9500B576D4 /* Main.storyboard in Resources */,
				410D15101A8A4E9500B576D4 /* LaunchScreen.xib in Resources */,
				410D150D1A8A4E9500B576D4 /* Images.xcassets in Resources */,
			);
			runOnlyForDeploymentPostprocessing = 0;
		};
		410D15131A8A4E9500B576D4 /* Resources */ = {
			isa = PBXResourcesBuildPhase;
			buildActionMask = 2147483647;
			files = (
			);
			runOnlyForDeploymentPostprocessing = 0;
		};
/* End PBXResourcesBuildPhase section */

/* Begin PBXSourcesBuildPhase section */
		410D14FC1A8A4E9500B576D4 /* Sources */ = {
			isa = PBXSourcesBuildPhase;
			buildActionMask = 2147483647;
			files = (
				410D15081A8A4E9500B576D4 /* ViewController.swift in Sources */,
				410D15061A8A4E9500B576D4 /* AppDelegate.swift in Sources */,
			);
			runOnlyForDeploymentPostprocessing = 0;
		};
		410D15111A8A4E9500B576D4 /* Sources */ = {
			isa = PBXSourcesBuildPhase;
			buildActionMask = 2147483647;
			files = (
				410D151C1A8A4E9500B576D4 /* NavigationBarTests.swift in Sources */,
			);
			runOnlyForDeploymentPostprocessing = 0;
		};
/* End PBXSourcesBuildPhase section */

/* Begin PBXTargetDependency section */
		410D15171A8A4E9500B576D4 /* PBXTargetDependency */ = {
			isa = PBXTargetDependency;
			target = 410D14FF1A8A4E9500B576D4 /* NavigationBar */;
			targetProxy = 410D15161A8A4E9500B576D4 /* PBXContainerItemProxy */;
		};
/* End PBXTargetDependency section */

/* Begin PBXVariantGroup section */
		410D15091A8A4E9500B576D4 /* Main.storyboard */ = {
			isa = PBXVariantGroup;
			children = (
				410D150A1A8A4E9500B576D4 /* Base */,
			);
			name = Main.storyboard;
			sourceTree = "<group>";
		};
		410D150E1A8A4E9500B576D4 /* LaunchScreen.xib */ = {
			isa = PBXVariantGroup;
			children = (
				410D150F1A8A4E9500B576D4 /* Base */,
			);
			name = LaunchScreen.xib;
			sourceTree = "<group>";
		};
/* End PBXVariantGroup section */

/* Begin XCBuildConfiguration section */
		410D151D1A8A4E9500B576D4 /* Debug */ = {
			isa = XCBuildConfiguration;
			buildSettings = {
				ALWAYS_SEARCH_USER_PATHS = NO;
				CLANG_CXX_LANGUAGE_STANDARD = "gnu++0x";
				CLANG_CXX_LIBRARY = "libc++";
				CLANG_ENABLE_MODULES = YES;
				CLANG_ENABLE_OBJC_ARC = YES;
				CLANG_WARN_BOOL_CONVERSION = YES;
				CLANG_WARN_CONSTANT_CONVERSION = YES;
				CLANG_WARN_DIRECT_OBJC_ISA_USAGE = YES_ERROR;
				CLANG_WARN_EMPTY_BODY = YES;
				CLANG_WARN_ENUM_CONVERSION = YES;
				CLANG_WARN_INT_CONVERSION = YES;
				CLANG_WARN_OBJC_ROOT_CLASS = YES_ERROR;
				CLANG_WARN_UNREACHABLE_CODE = YES;
				CLANG_WARN__DUPLICATE_METHOD_MATCH = YES;
				"CODE_SIGN_IDENTITY[sdk=iphoneos*]" = "iPhone Developer";
				COPY_PHASE_STRIP = NO;
				ENABLE_STRICT_OBJC_MSGSEND = YES;
				GCC_C_LANGUAGE_STANDARD = gnu99;
				GCC_DYNAMIC_NO_PIC = NO;
				GCC_OPTIMIZATION_LEVEL = 0;
				GCC_PREPROCESSOR_DEFINITIONS = (
					"DEBUG=1",
					"$(inherited)",
				);
				GCC_SYMBOLS_PRIVATE_EXTERN = NO;
				GCC_WARN_64_TO_32_BIT_CONVERSION = YES;
				GCC_WARN_ABOUT_RETURN_TYPE = YES_ERROR;
				GCC_WARN_UNDECLARED_SELECTOR = YES;
				GCC_WARN_UNINITIALIZED_AUTOS = YES_AGGRESSIVE;
				GCC_WARN_UNUSED_FUNCTION = YES;
				GCC_WARN_UNUSED_VARIABLE = YES;
				IPHONEOS_DEPLOYMENT_TARGET = 8.1;
				MTL_ENABLE_DEBUG_INFO = YES;
				ONLY_ACTIVE_ARCH = YES;
				SDKROOT = iphoneos;
				SWIFT_OPTIMIZATION_LEVEL = "-Onone";
			};
			name = Debug;
		};
		410D151E1A8A4E9500B576D4 /* Release */ = {
			isa = XCBuildConfiguration;
			buildSettings = {
				ALWAYS_SEARCH_USER_PATHS = NO;
				CLANG_CXX_LANGUAGE_STANDARD = "gnu++0x";
				CLANG_CXX_LIBRARY = "libc++";
				CLANG_ENABLE_MODULES = YES;
				CLANG_ENABLE_OBJC_ARC = YES;
				CLANG_WARN_BOOL_CONVERSION = YES;
				CLANG_WARN_CONSTANT_CONVERSION = YES;
				CLANG_WARN_DIRECT_OBJC_ISA_USAGE = YES_ERROR;
				CLANG_WARN_EMPTY_BODY = YES;
				CLANG_WARN_ENUM_CONVERSION = YES;
				CLANG_WARN_INT_CONVERSION = YES;
				CLANG_WARN_OBJC_ROOT_CLASS = YES_ERROR;
				CLANG_WARN_UNREACHABLE_CODE = YES;
				CLANG_WARN__DUPLICATE_METHOD_MATCH = YES;
				"CODE_SIGN_IDENTITY[sdk=iphoneos*]" = "iPhone Developer";
				COPY_PHASE_STRIP = YES;
				ENABLE_NS_ASSERTIONS = NO;
				ENABLE_STRICT_OBJC_MSGSEND = YES;
				GCC_C_LANGUAGE_STANDARD = gnu99;
				GCC_WARN_64_TO_32_BIT_CONVERSION = YES;
				GCC_WARN_ABOUT_RETURN_TYPE = YES_ERROR;
				GCC_WARN_UNDECLARED_SELECTOR = YES;
				GCC_WARN_UNINITIALIZED_AUTOS = YES_AGGRESSIVE;
				GCC_WARN_UNUSED_FUNCTION = YES;
				GCC_WARN_UNUSED_VARIABLE = YES;
				IPHONEOS_DEPLOYMENT_TARGET = 8.1;
				MTL_ENABLE_DEBUG_INFO = NO;
				SDKROOT = iphoneos;
				VALIDATE_PRODUCT = YES;
			};
			name = Release;
		};
		410D15201A8A4E9500B576D4 /* Debug */ = {
			isa = XCBuildConfiguration;
			buildSettings = {
				ASSETCATALOG_COMPILER_APPICON_NAME = AppIcon;
				INFOPLIST_FILE = NavigationBar/Info.plist;
				LD_RUNPATH_SEARCH_PATHS = "$(inherited) @executable_path/Frameworks";
				PRODUCT_NAME = "$(TARGET_NAME)";
			};
			name = Debug;
		};
		410D15211A8A4E9500B576D4 /* Release */ = {
			isa = XCBuildConfiguration;
			buildSettings = {
				ASSETCATALOG_COMPILER_APPICON_NAME = AppIcon;
				INFOPLIST_FILE = NavigationBar/Info.plist;
				LD_RUNPATH_SEARCH_PATHS = "$(inherited) @executable_path/Frameworks";
				PRODUCT_NAME = "$(TARGET_NAME)";
			};
			name = Release;
		};
		410D15231A8A4E9500B576D4 /* Debug */ = {
			isa = XCBuildConfiguration;
			buildSettings = {
				BUNDLE_LOADER = "$(TEST_HOST)";
				FRAMEWORK_SEARCH_PATHS = (
					"$(SDKROOT)/Developer/Library/Frameworks",
					"$(inherited)",
				);
				GCC_PREPROCESSOR_DEFINITIONS = (
					"DEBUG=1",
					"$(inherited)",
				);
				INFOPLIST_FILE = NavigationBarTests/Info.plist;
				LD_RUNPATH_SEARCH_PATHS = "$(inherited) @executable_path/Frameworks @loader_path/Frameworks";
				PRODUCT_NAME = "$(TARGET_NAME)";
				TEST_HOST = "$(BUILT_PRODUCTS_DIR)/NavigationBar.app/NavigationBar";
			};
			name = Debug;
		};
		410D15241A8A4E9500B576D4 /* Release */ = {
			isa = XCBuildConfiguration;
			buildSettings = {
				BUNDLE_LOADER = "$(TEST_HOST)";
				FRAMEWORK_SEARCH_PATHS = (
					"$(SDKROOT)/Developer/Library/Frameworks",
					"$(inherited)",
				);
				INFOPLIST_FILE = NavigationBarTests/Info.plist;
				LD_RUNPATH_SEARCH_PATHS = "$(inherited) @executable_path/Frameworks @loader_path/Frameworks";
				PRODUCT_NAME = "$(TARGET_NAME)";
				TEST_HOST = "$(BUILT_PRODUCTS_DIR)/NavigationBar.app/NavigationBar";
			};
			name = Release;
		};
/* End XCBuildConfiguration section */

/* Begin XCConfigurationList section */
		410D14FB1A8A4E9500B576D4 /* Build configuration list for PBXProject "NavigationBar" */ = {
			isa = XCConfigurationList;
			buildConfigurations = (
				410D151D1A8A4E9500B576D4 /* Debug */,
				410D151E1A8A4E9500B576D4 /* Release */,
			);
			defaultConfigurationIsVisible = 0;
			defaultConfigurationName = Release;
		};
		410D151F1A8A4E9500B576D4 /* Build configuration list for PBXNativeTarget "NavigationBar" */ = {
			isa = XCConfigurationList;
			buildConfigurations = (
				410D15201A8A4E9500B576D4 /* Debug */,
				410D15211A8A4E9500B576D4 /* Release */,
			);
			defaultConfigurationIsVisible = 0;
		};
		410D15221A8A4E9500B576D4 /* Build configuration list for PBXNativeTarget "NavigationBarTests" */ = {
			isa = XCConfigurationList;
			buildConfigurations = (
				410D15231A8A4E9500B576D4 /* Debug */,
				410D15241A8A4E9500B576D4 /* Release */,
			);
			defaultConfigurationIsVisible = 0;
		};
/* End XCConfigurationList section */
	};
	rootObject = 410D14F81A8A4E9500B576D4 /* Project object */;
}
