// !$*UTF8*$!
{
	archiveVersion = 1;
	classes = {
	};
	objectVersion = 46;
	objects = {

/* Begin PBXBuildFile section */
		41F394311A8C326F005A7043 /* AppDelegate.swift in Sources */ = {isa = PBXBuildFile; fileRef = 41F394301A8C326F005A7043 /* AppDelegate.swift */; };
		41F394331A8C326F005A7043 /* ViewController.swift in Sources */ = {isa = PBXBuildFile; fileRef = 41F394321A8C326F005A7043 /* ViewController.swift */; };
		41F394361A8C326F005A7043 /* Main.storyboard in Resources */ = {isa = PBXBuildFile; fileRef = 41F394341A8C326F005A7043 /* Main.storyboard */; };
		41F394381A8C326F005A7043 /* Images.xcassets in Resources */ = {isa = PBXBuildFile; fileRef = 41F394371A8C326F005A7043 /* Images.xcassets */; };
		41F3943B1A8C326F005A7043 /* LaunchScreen.xib in Resources */ = {isa = PBXBuildFile; fileRef = 41F394391A8C326F005A7043 /* LaunchScreen.xib */; };
		41F394471A8C3270005A7043 /* SeguesFlowTests.swift in Sources */ = {isa = PBXBuildFile; fileRef = 41F394461A8C3270005A7043 /* SeguesFlowTests.swift */; };
/* End PBXBuildFile section */

/* Begin PBXContainerItemProxy section */
		41F394411A8C3270005A7043 /* PBXContainerItemProxy */ = {
			isa = PBXContainerItemProxy;
			containerPortal = 41F394231A8C326F005A7043 /* Project object */;
			proxyType = 1;
			remoteGlobalIDString = 41F3942A1A8C326F005A7043;
			remoteInfo = SeguesFlow;
		};
/* End PBXContainerItemProxy section */

/* Begin PBXFileReference section */
		41F3942B1A8C326F005A7043 /* SeguesFlow.app */ = {isa = PBXFileReference; explicitFileType = wrapper.application; includeInIndex = 0; path = SeguesFlow.app; sourceTree = BUILT_PRODUCTS_DIR; };
		41F3942F1A8C326F005A7043 /* Info.plist */ = {isa = PBXFileReference; lastKnownFileType = text.plist.xml; path = Info.plist; sourceTree = "<group>"; };
		41F394301A8C326F005A7043 /* AppDelegate.swift */ = {isa = PBXFileReference; lastKnownFileType = sourcecode.swift; path = AppDelegate.swift; sourceTree = "<group>"; };
		41F394321A8C326F005A7043 /* ViewController.swift */ = {isa = PBXFileReference; lastKnownFileType = sourcecode.swift; path = ViewController.swift; sourceTree = "<group>"; };
		41F394351A8C326F005A7043 /* Base */ = {isa = PBXFileReference; lastKnownFileType = file.storyboard; name = Base; path = Base.lproj/Main.storyboard; sourceTree = "<group>"; };
		41F394371A8C326F005A7043 /* Images.xcassets */ = {isa = PBXFileReference; lastKnownFileType = folder.assetcatalog; path = Images.xcassets; sourceTree = "<group>"; };
		41F3943A1A8C326F005A7043 /* Base */ = {isa = PBXFileReference; lastKnownFileType = file.xib; name = Base; path = Base.lproj/LaunchScreen.xib; sourceTree = "<group>"; };
		41F394401A8C3270005A7043 /* SeguesFlowTests.xctest */ = {isa = PBXFileReference; explicitFileType = wrapper.cfbundle; includeInIndex = 0; path = SeguesFlowTests.xctest; sourceTree = BUILT_PRODUCTS_DIR; };
		41F394451A8C3270005A7043 /* Info.plist */ = {isa = PBXFileReference; lastKnownFileType = text.plist.xml; path = Info.plist; sourceTree = "<group>"; };
		41F394461A8C3270005A7043 /* SeguesFlowTests.swift */ = {isa = PBXFileReference; lastKnownFileType = sourcecode.swift; path = SeguesFlowTests.swift; sourceTree = "<group>"; };
/* End PBXFileReference section */

/* Begin PBXFrameworksBuildPhase section */
		41F394281A8C326F005A7043 /* Frameworks */ = {
			isa = PBXFrameworksBuildPhase;
			buildActionMask = 2147483647;
			files = (
			);
			runOnlyForDeploymentPostprocessing = 0;
		};
		41F3943D1A8C3270005A7043 /* Frameworks */ = {
			isa = PBXFrameworksBuildPhase;
			buildActionMask = 2147483647;
			files = (
			);
			runOnlyForDeploymentPostprocessing = 0;
		};
/* End PBXFrameworksBuildPhase section */

/* Begin PBXGroup section */
		41F394221A8C326F005A7043 = {
			isa = PBXGroup;
			children = (
				41F3942D1A8C326F005A7043 /* SeguesFlow */,
				41F394431A8C3270005A7043 /* SeguesFlowTests */,
				41F3942C1A8C326F005A7043 /* Products */,
			);
			sourceTree = "<group>";
		};
		41F3942C1A8C326F005A7043 /* Products */ = {
			isa = PBXGroup;
			children = (
				41F3942B1A8C326F005A7043 /* SeguesFlow.app */,
				41F394401A8C3270005A7043 /* SeguesFlowTests.xctest */,
			);
			name = Products;
			sourceTree = "<group>";
		};
		41F3942D1A8C326F005A7043 /* SeguesFlow */ = {
			isa = PBXGroup;
			children = (
				41F394301A8C326F005A7043 /* AppDelegate.swift */,
				41F394321A8C326F005A7043 /* ViewController.swift */,
				41F394341A8C326F005A7043 /* Main.storyboard */,
				41F394371A8C326F005A7043 /* Images.xcassets */,
				41F394391A8C326F005A7043 /* LaunchScreen.xib */,
				41F3942E1A8C326F005A7043 /* Supporting Files */,
			);
			path = SeguesFlow;
			sourceTree = "<group>";
		};
		41F3942E1A8C326F005A7043 /* Supporting Files */ = {
			isa = PBXGroup;
			children = (
				41F3942F1A8C326F005A7043 /* Info.plist */,
			);
			name = "Supporting Files";
			sourceTree = "<group>";
		};
		41F394431A8C3270005A7043 /* SeguesFlowTests */ = {
			isa = PBXGroup;
			children = (
				41F394461A8C3270005A7043 /* SeguesFlowTests.swift */,
				41F394441A8C3270005A7043 /* Supporting Files */,
			);
			path = SeguesFlowTests;
			sourceTree = "<group>";
		};
		41F394441A8C3270005A7043 /* Supporting Files */ = {
			isa = PBXGroup;
			children = (
				41F394451A8C3270005A7043 /* Info.plist */,
			);
			name = "Supporting Files";
			sourceTree = "<group>";
		};
/* End PBXGroup section */

/* Begin PBXNativeTarget section */
		41F3942A1A8C326F005A7043 /* SeguesFlow */ = {
			isa = PBXNativeTarget;
			buildConfigurationList = 41F3944A1A8C3270005A7043 /* Build configuration list for PBXNativeTarget "SeguesFlow" */;
			buildPhases = (
				41F394271A8C326F005A7043 /* Sources */,
				41F394281A8C326F005A7043 /* Frameworks */,
				41F394291A8C326F005A7043 /* Resources */,
			);
			buildRules = (
			);
			dependencies = (
			);
			name = SeguesFlow;
			productName = SeguesFlow;
			productReference = 41F3942B1A8C326F005A7043 /* SeguesFlow.app */;
			productType = "com.apple.product-type.application";
		};
		41F3943F1A8C3270005A7043 /* SeguesFlowTests */ = {
			isa = PBXNativeTarget;
			buildConfigurationList = 41F3944D1A8C3270005A7043 /* Build configuration list for PBXNativeTarget "SeguesFlowTests" */;
			buildPhases = (
				41F3943C1A8C3270005A7043 /* Sources */,
				41F3943D1A8C3270005A7043 /* Frameworks */,
				41F3943E1A8C3270005A7043 /* Resources */,
			);
			buildRules = (
			);
			dependencies = (
				41F394421A8C3270005A7043 /* PBXTargetDependency */,
			);
			name = SeguesFlowTests;
			productName = SeguesFlowTests;
			productReference = 41F394401A8C3270005A7043 /* SeguesFlowTests.xctest */;
			productType = "com.apple.product-type.bundle.unit-test";
		};
/* End PBXNativeTarget section */

/* Begin PBXProject section */
		41F394231A8C326F005A7043 /* Project object */ = {
			isa = PBXProject;
			attributes = {
				LastUpgradeCheck = 0610;
				ORGANIZATIONNAME = "Ricardo Valério";
				TargetAttributes = {
					41F3942A1A8C326F005A7043 = {
						CreatedOnToolsVersion = 6.1.1;
					};
					41F3943F1A8C3270005A7043 = {
						CreatedOnToolsVersion = 6.1.1;
						TestTargetID = 41F3942A1A8C326F005A7043;
					};
				};
			};
			buildConfigurationList = 41F394261A8C326F005A7043 /* Build configuration list for PBXProject "SeguesFlow" */;
			compatibilityVersion = "Xcode 3.2";
			developmentRegion = English;
			hasScannedForEncodings = 0;
			knownRegions = (
				en,
				Base,
			);
			mainGroup = 41F394221A8C326F005A7043;
			productRefGroup = 41F3942C1A8C326F005A7043 /* Products */;
			projectDirPath = "";
			projectRoot = "";
			targets = (
				41F3942A1A8C326F005A7043 /* SeguesFlow */,
				41F3943F1A8C3270005A7043 /* SeguesFlowTests */,
			);
		};
/* End PBXProject section */

/* Begin PBXResourcesBuildPhase section */
		41F394291A8C326F005A7043 /* Resources */ = {
			isa = PBXResourcesBuildPhase;
			buildActionMask = 2147483647;
			files = (
				41F394361A8C326F005A7043 /* Main.storyboard in Resources */,
				41F3943B1A8C326F005A7043 /* LaunchScreen.xib in Resources */,
				41F394381A8C326F005A7043 /* Images.xcassets in Resources */,
			);
			runOnlyForDeploymentPostprocessing = 0;
		};
		41F3943E1A8C3270005A7043 /* Resources */ = {
			isa = PBXResourcesBuildPhase;
			buildActionMask = 2147483647;
			files = (
			);
			runOnlyForDeploymentPostprocessing = 0;
		};
/* End PBXResourcesBuildPhase section */

/* Begin PBXSourcesBuildPhase section */
		41F394271A8C326F005A7043 /* Sources */ = {
			isa = PBXSourcesBuildPhase;
			buildActionMask = 2147483647;
			files = (
				41F394331A8C326F005A7043 /* ViewController.swift in Sources */,
				41F394311A8C326F005A7043 /* AppDelegate.swift in Sources */,
			);
			runOnlyForDeploymentPostprocessing = 0;
		};
		41F3943C1A8C3270005A7043 /* Sources */ = {
			isa = PBXSourcesBuildPhase;
			buildActionMask = 2147483647;
			files = (
				41F394471A8C3270005A7043 /* SeguesFlowTests.swift in Sources */,
			);
			runOnlyForDeploymentPostprocessing = 0;
		};
/* End PBXSourcesBuildPhase section */

/* Begin PBXTargetDependency section */
		41F394421A8C3270005A7043 /* PBXTargetDependency */ = {
			isa = PBXTargetDependency;
			target = 41F3942A1A8C326F005A7043 /* SeguesFlow */;
			targetProxy = 41F394411A8C3270005A7043 /* PBXContainerItemProxy */;
		};
/* End PBXTargetDependency section */

/* Begin PBXVariantGroup section */
		41F394341A8C326F005A7043 /* Main.storyboard */ = {
			isa = PBXVariantGroup;
			children = (
				41F394351A8C326F005A7043 /* Base */,
			);
			name = Main.storyboard;
			sourceTree = "<group>";
		};
		41F394391A8C326F005A7043 /* LaunchScreen.xib */ = {
			isa = PBXVariantGroup;
			children = (
				41F3943A1A8C326F005A7043 /* Base */,
			);
			name = LaunchScreen.xib;
			sourceTree = "<group>";
		};
/* End PBXVariantGroup section */

/* Begin XCBuildConfiguration section */
		41F394481A8C3270005A7043 /* Debug */ = {
			isa = XCBuildConfiguration;
			buildSettings = {
				ALWAYS_SEARCH_USER_PATHS = NO;
				CLANG_CXX_LANGUAGE_STANDARD = "gnu++0x";
				CLANG_CXX_LIBRARY = "libc++";
				CLANG_ENABLE_MODULES = YES;
				CLANG_ENABLE_OBJC_ARC = YES;
				CLANG_WARN_BOOL_CONVERSION = YES;
				CLANG_WARN_CONSTANT_CONVERSION = YES;
				CLANG_WARN_DIRECT_OBJC_ISA_USAGE = YES_ERROR;
				CLANG_WARN_EMPTY_BODY = YES;
				CLANG_WARN_ENUM_CONVERSION = YES;
				CLANG_WARN_INT_CONVERSION = YES;
				CLANG_WARN_OBJC_ROOT_CLASS = YES_ERROR;
				CLANG_WARN_UNREACHABLE_CODE = YES;
				CLANG_WARN__DUPLICATE_METHOD_MATCH = YES;
				"CODE_SIGN_IDENTITY[sdk=iphoneos*]" = "iPhone Developer";
				COPY_PHASE_STRIP = NO;
				ENABLE_STRICT_OBJC_MSGSEND = YES;
				GCC_C_LANGUAGE_STANDARD = gnu99;
				GCC_DYNAMIC_NO_PIC = NO;
				GCC_OPTIMIZATION_LEVEL = 0;
				GCC_PREPROCESSOR_DEFINITIONS = (
					"DEBUG=1",
					"$(inherited)",
				);
				GCC_SYMBOLS_PRIVATE_EXTERN = NO;
				GCC_WARN_64_TO_32_BIT_CONVERSION = YES;
				GCC_WARN_ABOUT_RETURN_TYPE = YES_ERROR;
				GCC_WARN_UNDECLARED_SELECTOR = YES;
				GCC_WARN_UNINITIALIZED_AUTOS = YES_AGGRESSIVE;
				GCC_WARN_UNUSED_FUNCTION = YES;
				GCC_WARN_UNUSED_VARIABLE = YES;
				IPHONEOS_DEPLOYMENT_TARGET = 8.1;
				MTL_ENABLE_DEBUG_INFO = YES;
				ONLY_ACTIVE_ARCH = YES;
				SDKROOT = iphoneos;
				SWIFT_OPTIMIZATION_LEVEL = "-Onone";
			};
			name = Debug;
		};
		41F394491A8C3270005A7043 /* Release */ = {
			isa = XCBuildConfiguration;
			buildSettings = {
				ALWAYS_SEARCH_USER_PATHS = NO;
				CLANG_CXX_LANGUAGE_STANDARD = "gnu++0x";
				CLANG_CXX_LIBRARY = "libc++";
				CLANG_ENABLE_MODULES = YES;
				CLANG_ENABLE_OBJC_ARC = YES;
				CLANG_WARN_BOOL_CONVERSION = YES;
				CLANG_WARN_CONSTANT_CONVERSION = YES;
				CLANG_WARN_DIRECT_OBJC_ISA_USAGE = YES_ERROR;
				CLANG_WARN_EMPTY_BODY = YES;
				CLANG_WARN_ENUM_CONVERSION = YES;
				CLANG_WARN_INT_CONVERSION = YES;
				CLANG_WARN_OBJC_ROOT_CLASS = YES_ERROR;
				CLANG_WARN_UNREACHABLE_CODE = YES;
				CLANG_WARN__DUPLICATE_METHOD_MATCH = YES;
				"CODE_SIGN_IDENTITY[sdk=iphoneos*]" = "iPhone Developer";
				COPY_PHASE_STRIP = YES;
				ENABLE_NS_ASSERTIONS = NO;
				ENABLE_STRICT_OBJC_MSGSEND = YES;
				GCC_C_LANGUAGE_STANDARD = gnu99;
				GCC_WARN_64_TO_32_BIT_CONVERSION = YES;
				GCC_WARN_ABOUT_RETURN_TYPE = YES_ERROR;
				GCC_WARN_UNDECLARED_SELECTOR = YES;
				GCC_WARN_UNINITIALIZED_AUTOS = YES_AGGRESSIVE;
				GCC_WARN_UNUSED_FUNCTION = YES;
				GCC_WARN_UNUSED_VARIABLE = YES;
				IPHONEOS_DEPLOYMENT_TARGET = 8.1;
				MTL_ENABLE_DEBUG_INFO = NO;
				SDKROOT = iphoneos;
				VALIDATE_PRODUCT = YES;
			};
			name = Release;
		};
		41F3944B1A8C3270005A7043 /* Debug */ = {
			isa = XCBuildConfiguration;
			buildSettings = {
				ASSETCATALOG_COMPILER_APPICON_NAME = AppIcon;
				INFOPLIST_FILE = SeguesFlow/Info.plist;
				LD_RUNPATH_SEARCH_PATHS = "$(inherited) @executable_path/Frameworks";
				PRODUCT_NAME = "$(TARGET_NAME)";
			};
			name = Debug;
		};
		41F3944C1A8C3270005A7043 /* Release */ = {
			isa = XCBuildConfiguration;
			buildSettings = {
				ASSETCATALOG_COMPILER_APPICON_NAME = AppIcon;
				INFOPLIST_FILE = SeguesFlow/Info.plist;
				LD_RUNPATH_SEARCH_PATHS = "$(inherited) @executable_path/Frameworks";
				PRODUCT_NAME = "$(TARGET_NAME)";
			};
			name = Release;
		};
		41F3944E1A8C3270005A7043 /* Debug */ = {
			isa = XCBuildConfiguration;
			buildSettings = {
				BUNDLE_LOADER = "$(TEST_HOST)";
				FRAMEWORK_SEARCH_PATHS = (
					"$(SDKROOT)/Developer/Library/Frameworks",
					"$(inherited)",
				);
				GCC_PREPROCESSOR_DEFINITIONS = (
					"DEBUG=1",
					"$(inherited)",
				);
				INFOPLIST_FILE = SeguesFlowTests/Info.plist;
				LD_RUNPATH_SEARCH_PATHS = "$(inherited) @executable_path/Frameworks @loader_path/Frameworks";
				PRODUCT_NAME = "$(TARGET_NAME)";
				TEST_HOST = "$(BUILT_PRODUCTS_DIR)/SeguesFlow.app/SeguesFlow";
			};
			name = Debug;
		};
		41F3944F1A8C3270005A7043 /* Release */ = {
			isa = XCBuildConfiguration;
			buildSettings = {
				BUNDLE_LOADER = "$(TEST_HOST)";
				FRAMEWORK_SEARCH_PATHS = (
					"$(SDKROOT)/Developer/Library/Frameworks",
					"$(inherited)",
				);
				INFOPLIST_FILE = SeguesFlowTests/Info.plist;
				LD_RUNPATH_SEARCH_PATHS = "$(inherited) @executable_path/Frameworks @loader_path/Frameworks";
				PRODUCT_NAME = "$(TARGET_NAME)";
				TEST_HOST = "$(BUILT_PRODUCTS_DIR)/SeguesFlow.app/SeguesFlow";
			};
			name = Release;
		};
/* End XCBuildConfiguration section */

/* Begin XCConfigurationList section */
		41F394261A8C326F005A7043 /* Build configuration list for PBXProject "SeguesFlow" */ = {
			isa = XCConfigurationList;
			buildConfigurations = (
				41F394481A8C3270005A7043 /* Debug */,
				41F394491A8C3270005A7043 /* Release */,
			);
			defaultConfigurationIsVisible = 0;
			defaultConfigurationName = Release;
		};
		41F3944A1A8C3270005A7043 /* Build configuration list for PBXNativeTarget "SeguesFlow" */ = {
			isa = XCConfigurationList;
			buildConfigurations = (
				41F3944B1A8C3270005A7043 /* Debug */,
				41F3944C1A8C3270005A7043 /* Release */,
			);
			defaultConfigurationIsVisible = 0;
		};
		41F3944D1A8C3270005A7043 /* Build configuration list for PBXNativeTarget "SeguesFlowTests" */ = {
			isa = XCConfigurationList;
			buildConfigurations = (
				41F3944E1A8C3270005A7043 /* Debug */,
				41F3944F1A8C3270005A7043 /* Release */,
			);
			defaultConfigurationIsVisible = 0;
		};
/* End XCConfigurationList section */
	};
	rootObject = 41F394231A8C326F005A7043 /* Project object */;
}
