// !$*UTF8*$!
{
	archiveVersion = 1;
	classes = {
	};
	objectVersion = 46;
	objects = {

/* Begin PBXBuildFile section */
		F484DB1E19ECB07C007B9E4C /* AppDelegate.swift in Sources */ = {isa = PBXBuildFile; fileRef = F484DB1D19ECB07C007B9E4C /* AppDelegate.swift */; };
		F484DB2019ECB07C007B9E4C /* ViewController.swift in Sources */ = {isa = PBXBuildFile; fileRef = F484DB1F19ECB07C007B9E4C /* ViewController.swift */; };
		F484DB2319ECB07C007B9E4C /* Main.storyboard in Resources */ = {isa = PBXBuildFile; fileRef = F484DB2119ECB07C007B9E4C /* Main.storyboard */; };
		F484DB2519ECB07C007B9E4C /* Images.xcassets in Resources */ = {isa = PBXBuildFile; fileRef = F484DB2419ECB07C007B9E4C /* Images.xcassets */; };
		F484DB2819ECB07C007B9E4C /* LaunchScreen.xib in Resources */ = {isa = PBXBuildFile; fileRef = F484DB2619ECB07C007B9E4C /* LaunchScreen.xib */; };
		F484DB3419ECB07C007B9E4C /* TableDemoTests.swift in Sources */ = {isa = PBXBuildFile; fileRef = F484DB3319ECB07C007B9E4C /* TableDemoTests.swift */; };
/* End PBXBuildFile section */

/* Begin PBXContainerItemProxy section */
		F484DB2E19ECB07C007B9E4C /* PBXContainerItemProxy */ = {
			isa = PBXContainerItemProxy;
			containerPortal = F484DB1019ECB07C007B9E4C /* Project object */;
			proxyType = 1;
			remoteGlobalIDString = F484DB1719ECB07C007B9E4C;
			remoteInfo = TableDemo;
		};
/* End PBXContainerItemProxy section */

/* Begin PBXFileReference section */
		F484DB1819ECB07C007B9E4C /* TableDemo.app */ = {isa = PBXFileReference; explicitFileType = wrapper.application; includeInIndex = 0; path = TableDemo.app; sourceTree = BUILT_PRODUCTS_DIR; };
		F484DB1C19ECB07C007B9E4C /* Info.plist */ = {isa = PBXFileReference; lastKnownFileType = text.plist.xml; path = Info.plist; sourceTree = "<group>"; };
		F484DB1D19ECB07C007B9E4C /* AppDelegate.swift */ = {isa = PBXFileReference; lastKnownFileType = sourcecode.swift; path = AppDelegate.swift; sourceTree = "<group>"; };
		F484DB1F19ECB07C007B9E4C /* ViewController.swift */ = {isa = PBXFileReference; lastKnownFileType = sourcecode.swift; path = ViewController.swift; sourceTree = "<group>"; };
		F484DB2219ECB07C007B9E4C /* Base */ = {isa = PBXFileReference; lastKnownFileType = file.storyboard; name = Base; path = Base.lproj/Main.storyboard; sourceTree = "<group>"; };
		F484DB2419ECB07C007B9E4C /* Images.xcassets */ = {isa = PBXFileReference; lastKnownFileType = folder.assetcatalog; path = Images.xcassets; sourceTree = "<group>"; };
		F484DB2719ECB07C007B9E4C /* Base */ = {isa = PBXFileReference; lastKnownFileType = file.xib; name = Base; path = Base.lproj/LaunchScreen.xib; sourceTree = "<group>"; };
		F484DB2D19ECB07C007B9E4C /* TableDemoTests.xctest */ = {isa = PBXFileReference; explicitFileType = wrapper.cfbundle; includeInIndex = 0; path = TableDemoTests.xctest; sourceTree = BUILT_PRODUCTS_DIR; };
		F484DB3219ECB07C007B9E4C /* Info.plist */ = {isa = PBXFileReference; lastKnownFileType = text.plist.xml; path = Info.plist; sourceTree = "<group>"; };
		F484DB3319ECB07C007B9E4C /* TableDemoTests.swift */ = {isa = PBXFileReference; lastKnownFileType = sourcecode.swift; path = TableDemoTests.swift; sourceTree = "<group>"; };
/* End PBXFileReference section */

/* Begin PBXFrameworksBuildPhase section */
		F484DB1519ECB07C007B9E4C /* Frameworks */ = {
			isa = PBXFrameworksBuildPhase;
			buildActionMask = 2147483647;
			files = (
			);
			runOnlyForDeploymentPostprocessing = 0;
		};
		F484DB2A19ECB07C007B9E4C /* Frameworks */ = {
			isa = PBXFrameworksBuildPhase;
			buildActionMask = 2147483647;
			files = (
			);
			runOnlyForDeploymentPostprocessing = 0;
		};
/* End PBXFrameworksBuildPhase section */

/* Begin PBXGroup section */
		F484DB0F19ECB07C007B9E4C = {
			isa = PBXGroup;
			children = (
				F484DB1A19ECB07C007B9E4C /* TableDemo */,
				F484DB3019ECB07C007B9E4C /* TableDemoTests */,
				F484DB1919ECB07C007B9E4C /* Products */,
			);
			sourceTree = "<group>";
		};
		F484DB1919ECB07C007B9E4C /* Products */ = {
			isa = PBXGroup;
			children = (
				F484DB1819ECB07C007B9E4C /* TableDemo.app */,
				F484DB2D19ECB07C007B9E4C /* TableDemoTests.xctest */,
			);
			name = Products;
			sourceTree = "<group>";
		};
		F484DB1A19ECB07C007B9E4C /* TableDemo */ = {
			isa = PBXGroup;
			children = (
				F484DB1D19ECB07C007B9E4C /* AppDelegate.swift */,
				F484DB1F19ECB07C007B9E4C /* ViewController.swift */,
				F484DB2119ECB07C007B9E4C /* Main.storyboard */,
				F484DB2419ECB07C007B9E4C /* Images.xcassets */,
				F484DB2619ECB07C007B9E4C /* LaunchScreen.xib */,
				F484DB1B19ECB07C007B9E4C /* Supporting Files */,
			);
			path = TableDemo;
			sourceTree = "<group>";
		};
		F484DB1B19ECB07C007B9E4C /* Supporting Files */ = {
			isa = PBXGroup;
			children = (
				F484DB1C19ECB07C007B9E4C /* Info.plist */,
			);
			name = "Supporting Files";
			sourceTree = "<group>";
		};
		F484DB3019ECB07C007B9E4C /* TableDemoTests */ = {
			isa = PBXGroup;
			children = (
				F484DB3319ECB07C007B9E4C /* TableDemoTests.swift */,
				F484DB3119ECB07C007B9E4C /* Supporting Files */,
			);
			path = TableDemoTests;
			sourceTree = "<group>";
		};
		F484DB3119ECB07C007B9E4C /* Supporting Files */ = {
			isa = PBXGroup;
			children = (
				F484DB3219ECB07C007B9E4C /* Info.plist */,
			);
			name = "Supporting Files";
			sourceTree = "<group>";
		};
/* End PBXGroup section */

/* Begin PBXNativeTarget section */
		F484DB1719ECB07C007B9E4C /* TableDemo */ = {
			isa = PBXNativeTarget;
			buildConfigurationList = F484DB3719ECB07C007B9E4C /* Build configuration list for PBXNativeTarget "TableDemo" */;
			buildPhases = (
				F484DB1419ECB07C007B9E4C /* Sources */,
				F484DB1519ECB07C007B9E4C /* Frameworks */,
				F484DB1619ECB07C007B9E4C /* Resources */,
			);
			buildRules = (
			);
			dependencies = (
			);
			name = TableDemo;
			productName = TableDemo;
			productReference = F484DB1819ECB07C007B9E4C /* TableDemo.app */;
			productType = "com.apple.product-type.application";
		};
		F484DB2C19ECB07C007B9E4C /* TableDemoTests */ = {
			isa = PBXNativeTarget;
			buildConfigurationList = F484DB3A19ECB07C007B9E4C /* Build configuration list for PBXNativeTarget "TableDemoTests" */;
			buildPhases = (
				F484DB2919ECB07C007B9E4C /* Sources */,
				F484DB2A19ECB07C007B9E4C /* Frameworks */,
				F484DB2B19ECB07C007B9E4C /* Resources */,
			);
			buildRules = (
			);
			dependencies = (
				F484DB2F19ECB07C007B9E4C /* PBXTargetDependency */,
			);
			name = TableDemoTests;
			productName = TableDemoTests;
			productReference = F484DB2D19ECB07C007B9E4C /* TableDemoTests.xctest */;
			productType = "com.apple.product-type.bundle.unit-test";
		};
/* End PBXNativeTarget section */

/* Begin PBXProject section */
		F484DB1019ECB07C007B9E4C /* Project object */ = {
			isa = PBXProject;
			attributes = {
				LastUpgradeCheck = 0610;
				ORGANIZATIONNAME = "Simon Allardice";
				TargetAttributes = {
					F484DB1719ECB07C007B9E4C = {
						CreatedOnToolsVersion = 6.1;
					};
					F484DB2C19ECB07C007B9E4C = {
						CreatedOnToolsVersion = 6.1;
						TestTargetID = F484DB1719ECB07C007B9E4C;
					};
				};
			};
			buildConfigurationList = F484DB1319ECB07C007B9E4C /* Build configuration list for PBXProject "TableDemo" */;
			compatibilityVersion = "Xcode 3.2";
			developmentRegion = English;
			hasScannedForEncodings = 0;
			knownRegions = (
				en,
				Base,
			);
			mainGroup = F484DB0F19ECB07C007B9E4C;
			productRefGroup = F484DB1919ECB07C007B9E4C /* Products */;
			projectDirPath = "";
			projectRoot = "";
			targets = (
				F484DB1719ECB07C007B9E4C /* TableDemo */,
				F484DB2C19ECB07C007B9E4C /* TableDemoTests */,
			);
		};
/* End PBXProject section */

/* Begin PBXResourcesBuildPhase section */
		F484DB1619ECB07C007B9E4C /* Resources */ = {
			isa = PBXResourcesBuildPhase;
			buildActionMask = 2147483647;
			files = (
				F484DB2319ECB07C007B9E4C /* Main.storyboard in Resources */,
				F484DB2819ECB07C007B9E4C /* LaunchScreen.xib in Resources */,
				F484DB2519ECB07C007B9E4C /* Images.xcassets in Resources */,
			);
			runOnlyForDeploymentPostprocessing = 0;
		};
		F484DB2B19ECB07C007B9E4C /* Resources */ = {
			isa = PBXResourcesBuildPhase;
			buildActionMask = 2147483647;
			files = (
			);
			runOnlyForDeploymentPostprocessing = 0;
		};
/* End PBXResourcesBuildPhase section */

/* Begin PBXSourcesBuildPhase section */
		F484DB1419ECB07C007B9E4C /* Sources */ = {
			isa = PBXSourcesBuildPhase;
			buildActionMask = 2147483647;
			files = (
				F484DB2019ECB07C007B9E4C /* ViewController.swift in Sources */,
				F484DB1E19ECB07C007B9E4C /* AppDelegate.swift in Sources */,
			);
			runOnlyForDeploymentPostprocessing = 0;
		};
		F484DB2919ECB07C007B9E4C /* Sources */ = {
			isa = PBXSourcesBuildPhase;
			buildActionMask = 2147483647;
			files = (
				F484DB3419ECB07C007B9E4C /* TableDemoTests.swift in Sources */,
			);
			runOnlyForDeploymentPostprocessing = 0;
		};
/* End PBXSourcesBuildPhase section */

/* Begin PBXTargetDependency section */
		F484DB2F19ECB07C007B9E4C /* PBXTargetDependency */ = {
			isa = PBXTargetDependency;
			target = F484DB1719ECB07C007B9E4C /* TableDemo */;
			targetProxy = F484DB2E19ECB07C007B9E4C /* PBXContainerItemProxy */;
		};
/* End PBXTargetDependency section */

/* Begin PBXVariantGroup section */
		F484DB2119ECB07C007B9E4C /* Main.storyboard */ = {
			isa = PBXVariantGroup;
			children = (
				F484DB2219ECB07C007B9E4C /* Base */,
			);
			name = Main.storyboard;
			sourceTree = "<group>";
		};
		F484DB2619ECB07C007B9E4C /* LaunchScreen.xib */ = {
			isa = PBXVariantGroup;
			children = (
				F484DB2719ECB07C007B9E4C /* Base */,
			);
			name = LaunchScreen.xib;
			sourceTree = "<group>";
		};
/* End PBXVariantGroup section */

/* Begin XCBuildConfiguration section */
		F484DB3519ECB07C007B9E4C /* Debug */ = {
			isa = XCBuildConfiguration;
			buildSettings = {
				ALWAYS_SEARCH_USER_PATHS = NO;
				CLANG_CXX_LANGUAGE_STANDARD = "gnu++0x";
				CLANG_CXX_LIBRARY = "libc++";
				CLANG_ENABLE_MODULES = YES;
				CLANG_ENABLE_OBJC_ARC = YES;
				CLANG_WARN_BOOL_CONVERSION = YES;
				CLANG_WARN_CONSTANT_CONVERSION = YES;
				CLANG_WARN_DIRECT_OBJC_ISA_USAGE = YES_ERROR;
				CLANG_WARN_EMPTY_BODY = YES;
				CLANG_WARN_ENUM_CONVERSION = YES;
				CLANG_WARN_INT_CONVERSION = YES;
				CLANG_WARN_OBJC_ROOT_CLASS = YES_ERROR;
				CLANG_WARN_UNREACHABLE_CODE = YES;
				CLANG_WARN__DUPLICATE_METHOD_MATCH = YES;
				"CODE_SIGN_IDENTITY[sdk=iphoneos*]" = "iPhone Developer";
				COPY_PHASE_STRIP = NO;
				ENABLE_STRICT_OBJC_MSGSEND = YES;
				GCC_C_LANGUAGE_STANDARD = gnu99;
				GCC_DYNAMIC_NO_PIC = NO;
				GCC_OPTIMIZATION_LEVEL = 0;
				GCC_PREPROCESSOR_DEFINITIONS = (
					"DEBUG=1",
					"$(inherited)",
				);
				GCC_SYMBOLS_PRIVATE_EXTERN = NO;
				GCC_WARN_64_TO_32_BIT_CONVERSION = YES;
				GCC_WARN_ABOUT_RETURN_TYPE = YES_ERROR;
				GCC_WARN_UNDECLARED_SELECTOR = YES;
				GCC_WARN_UNINITIALIZED_AUTOS = YES_AGGRESSIVE;
				GCC_WARN_UNUSED_FUNCTION = YES;
				GCC_WARN_UNUSED_VARIABLE = YES;
				IPHONEOS_DEPLOYMENT_TARGET = 8.1;
				MTL_ENABLE_DEBUG_INFO = YES;
				ONLY_ACTIVE_ARCH = YES;
				SDKROOT = iphoneos;
				SWIFT_OPTIMIZATION_LEVEL = "-Onone";
			};
			name = Debug;
		};
		F484DB3619ECB07C007B9E4C /* Release */ = {
			isa = XCBuildConfiguration;
			buildSettings = {
				ALWAYS_SEARCH_USER_PATHS = NO;
				CLANG_CXX_LANGUAGE_STANDARD = "gnu++0x";
				CLANG_CXX_LIBRARY = "libc++";
				CLANG_ENABLE_MODULES = YES;
				CLANG_ENABLE_OBJC_ARC = YES;
				CLANG_WARN_BOOL_CONVERSION = YES;
				CLANG_WARN_CONSTANT_CONVERSION = YES;
				CLANG_WARN_DIRECT_OBJC_ISA_USAGE = YES_ERROR;
				CLANG_WARN_EMPTY_BODY = YES;
				CLANG_WARN_ENUM_CONVERSION = YES;
				CLANG_WARN_INT_CONVERSION = YES;
				CLANG_WARN_OBJC_ROOT_CLASS = YES_ERROR;
				CLANG_WARN_UNREACHABLE_CODE = YES;
				CLANG_WARN__DUPLICATE_METHOD_MATCH = YES;
				"CODE_SIGN_IDENTITY[sdk=iphoneos*]" = "iPhone Developer";
				COPY_PHASE_STRIP = YES;
				ENABLE_NS_ASSERTIONS = NO;
				ENABLE_STRICT_OBJC_MSGSEND = YES;
				GCC_C_LANGUAGE_STANDARD = gnu99;
				GCC_WARN_64_TO_32_BIT_CONVERSION = YES;
				GCC_WARN_ABOUT_RETURN_TYPE = YES_ERROR;
				GCC_WARN_UNDECLARED_SELECTOR = YES;
				GCC_WARN_UNINITIALIZED_AUTOS = YES_AGGRESSIVE;
				GCC_WARN_UNUSED_FUNCTION = YES;
				GCC_WARN_UNUSED_VARIABLE = YES;
				IPHONEOS_DEPLOYMENT_TARGET = 8.1;
				MTL_ENABLE_DEBUG_INFO = NO;
				SDKROOT = iphoneos;
				VALIDATE_PRODUCT = YES;
			};
			name = Release;
		};
		F484DB3819ECB07C007B9E4C /* Debug */ = {
			isa = XCBuildConfiguration;
			buildSettings = {
				ASSETCATALOG_COMPILER_APPICON_NAME = AppIcon;
				INFOPLIST_FILE = TableDemo/Info.plist;
				LD_RUNPATH_SEARCH_PATHS = "$(inherited) @executable_path/Frameworks";
				PRODUCT_NAME = "$(TARGET_NAME)";
			};
			name = Debug;
		};
		F484DB3919ECB07C007B9E4C /* Release */ = {
			isa = XCBuildConfiguration;
			buildSettings = {
				ASSETCATALOG_COMPILER_APPICON_NAME = AppIcon;
				INFOPLIST_FILE = TableDemo/Info.plist;
				LD_RUNPATH_SEARCH_PATHS = "$(inherited) @executable_path/Frameworks";
				PRODUCT_NAME = "$(TARGET_NAME)";
			};
			name = Release;
		};
		F484DB3B19ECB07C007B9E4C /* Debug */ = {
			isa = XCBuildConfiguration;
			buildSettings = {
				BUNDLE_LOADER = "$(TEST_HOST)";
				FRAMEWORK_SEARCH_PATHS = (
					"$(SDKROOT)/Developer/Library/Frameworks",
					"$(inherited)",
				);
				GCC_PREPROCESSOR_DEFINITIONS = (
					"DEBUG=1",
					"$(inherited)",
				);
				INFOPLIST_FILE = TableDemoTests/Info.plist;
				LD_RUNPATH_SEARCH_PATHS = "$(inherited) @executable_path/Frameworks @loader_path/Frameworks";
				PRODUCT_NAME = "$(TARGET_NAME)";
				TEST_HOST = "$(BUILT_PRODUCTS_DIR)/TableDemo.app/TableDemo";
			};
			name = Debug;
		};
		F484DB3C19ECB07C007B9E4C /* Release */ = {
			isa = XCBuildConfiguration;
			buildSettings = {
				BUNDLE_LOADER = "$(TEST_HOST)";
				FRAMEWORK_SEARCH_PATHS = (
					"$(SDKROOT)/Developer/Library/Frameworks",
					"$(inherited)",
				);
				INFOPLIST_FILE = TableDemoTests/Info.plist;
				LD_RUNPATH_SEARCH_PATHS = "$(inherited) @executable_path/Frameworks @loader_path/Frameworks";
				PRODUCT_NAME = "$(TARGET_NAME)";
				TEST_HOST = "$(BUILT_PRODUCTS_DIR)/TableDemo.app/TableDemo";
			};
			name = Release;
		};
/* End XCBuildConfiguration section */

/* Begin XCConfigurationList section */
		F484DB1319ECB07C007B9E4C /* Build configuration list for PBXProject "TableDemo" */ = {
			isa = XCConfigurationList;
			buildConfigurations = (
				F484DB3519ECB07C007B9E4C /* Debug */,
				F484DB3619ECB07C007B9E4C /* Release */,
			);
			defaultConfigurationIsVisible = 0;
			defaultConfigurationName = Release;
		};
		F484DB3719ECB07C007B9E4C /* Build configuration list for PBXNativeTarget "TableDemo" */ = {
			isa = XCConfigurationList;
			buildConfigurations = (
				F484DB3819ECB07C007B9E4C /* Debug */,
				F484DB3919ECB07C007B9E4C /* Release */,
			);
			defaultConfigurationIsVisible = 0;
		};
		F484DB3A19ECB07C007B9E4C /* Build configuration list for PBXNativeTarget "TableDemoTests" */ = {
			isa = XCConfigurationList;
			buildConfigurations = (
				F484DB3B19ECB07C007B9E4C /* Debug */,
				F484DB3C19ECB07C007B9E4C /* Release */,
			);
			defaultConfigurationIsVisible = 0;
		};
/* End XCConfigurationList section */
	};
	rootObject = F484DB1019ECB07C007B9E4C /* Project object */;
}
