// !$*UTF8*$!
{
	archiveVersion = 1;
	classes = {
	};
	objectVersion = 46;
	objects = {

/* Begin PBXBuildFile section */
		41EA9D361A881B290097B62D /* AppDelegate.swift in Sources */ = {isa = PBXBuildFile; fileRef = 41EA9D351A881B290097B62D /* AppDelegate.swift */; };
		41EA9D381A881B290097B62D /* ViewController.swift in Sources */ = {isa = PBXBuildFile; fileRef = 41EA9D371A881B290097B62D /* ViewController.swift */; };
		41EA9D3B1A881B290097B62D /* Main.storyboard in Resources */ = {isa = PBXBuildFile; fileRef = 41EA9D391A881B290097B62D /* Main.storyboard */; };
		41EA9D3D1A881B290097B62D /* Images.xcassets in Resources */ = {isa = PBXBuildFile; fileRef = 41EA9D3C1A881B290097B62D /* Images.xcassets */; };
		41EA9D401A881B290097B62D /* LaunchScreen.xib in Resources */ = {isa = PBXBuildFile; fileRef = 41EA9D3E1A881B290097B62D /* LaunchScreen.xib */; };
		41EA9D4C1A881B290097B62D /* Udemy_0Tests.swift in Sources */ = {isa = PBXBuildFile; fileRef = 41EA9D4B1A881B290097B62D /* Udemy_0Tests.swift */; };
/* End PBXBuildFile section */

/* Begin PBXContainerItemProxy section */
		41EA9D461A881B290097B62D /* PBXContainerItemProxy */ = {
			isa = PBXContainerItemProxy;
			containerPortal = 41EA9D281A881B290097B62D /* Project object */;
			proxyType = 1;
			remoteGlobalIDString = 41EA9D2F1A881B290097B62D;
			remoteInfo = Udemy_0;
		};
/* End PBXContainerItemProxy section */

/* Begin PBXFileReference section */
		41EA9D301A881B290097B62D /* Udemy_0.app */ = {isa = PBXFileReference; explicitFileType = wrapper.application; includeInIndex = 0; path = Udemy_0.app; sourceTree = BUILT_PRODUCTS_DIR; };
		41EA9D341A881B290097B62D /* Info.plist */ = {isa = PBXFileReference; lastKnownFileType = text.plist.xml; path = Info.plist; sourceTree = "<group>"; };
		41EA9D351A881B290097B62D /* AppDelegate.swift */ = {isa = PBXFileReference; lastKnownFileType = sourcecode.swift; path = AppDelegate.swift; sourceTree = "<group>"; };
		41EA9D371A881B290097B62D /* ViewController.swift */ = {isa = PBXFileReference; lastKnownFileType = sourcecode.swift; path = ViewController.swift; sourceTree = "<group>"; };
		41EA9D3A1A881B290097B62D /* Base */ = {isa = PBXFileReference; lastKnownFileType = file.storyboard; name = Base; path = Base.lproj/Main.storyboard; sourceTree = "<group>"; };
		41EA9D3C1A881B290097B62D /* Images.xcassets */ = {isa = PBXFileReference; lastKnownFileType = folder.assetcatalog; path = Images.xcassets; sourceTree = "<group>"; };
		41EA9D3F1A881B290097B62D /* Base */ = {isa = PBXFileReference; lastKnownFileType = file.xib; name = Base; path = Base.lproj/LaunchScreen.xib; sourceTree = "<group>"; };
		41EA9D451A881B290097B62D /* Udemy_0Tests.xctest */ = {isa = PBXFileReference; explicitFileType = wrapper.cfbundle; includeInIndex = 0; path = Udemy_0Tests.xctest; sourceTree = BUILT_PRODUCTS_DIR; };
		41EA9D4A1A881B290097B62D /* Info.plist */ = {isa = PBXFileReference; lastKnownFileType = text.plist.xml; path = Info.plist; sourceTree = "<group>"; };
		41EA9D4B1A881B290097B62D /* Udemy_0Tests.swift */ = {isa = PBXFileReference; lastKnownFileType = sourcecode.swift; path = Udemy_0Tests.swift; sourceTree = "<group>"; };
/* End PBXFileReference section */

/* Begin PBXFrameworksBuildPhase section */
		41EA9D2D1A881B290097B62D /* Frameworks */ = {
			isa = PBXFrameworksBuildPhase;
			buildActionMask = 2147483647;
			files = (
			);
			runOnlyForDeploymentPostprocessing = 0;
		};
		41EA9D421A881B290097B62D /* Frameworks */ = {
			isa = PBXFrameworksBuildPhase;
			buildActionMask = 2147483647;
			files = (
			);
			runOnlyForDeploymentPostprocessing = 0;
		};
/* End PBXFrameworksBuildPhase section */

/* Begin PBXGroup section */
		41EA9D271A881B290097B62D = {
			isa = PBXGroup;
			children = (
				41EA9D321A881B290097B62D /* Udemy_0 */,
				41EA9D481A881B290097B62D /* Udemy_0Tests */,
				41EA9D311A881B290097B62D /* Products */,
			);
			sourceTree = "<group>";
		};
		41EA9D311A881B290097B62D /* Products */ = {
			isa = PBXGroup;
			children = (
				41EA9D301A881B290097B62D /* Udemy_0.app */,
				41EA9D451A881B290097B62D /* Udemy_0Tests.xctest */,
			);
			name = Products;
			sourceTree = "<group>";
		};
		41EA9D321A881B290097B62D /* Udemy_0 */ = {
			isa = PBXGroup;
			children = (
				41EA9D351A881B290097B62D /* AppDelegate.swift */,
				41EA9D371A881B290097B62D /* ViewController.swift */,
				41EA9D391A881B290097B62D /* Main.storyboard */,
				41EA9D3C1A881B290097B62D /* Images.xcassets */,
				41EA9D3E1A881B290097B62D /* LaunchScreen.xib */,
				41EA9D331A881B290097B62D /* Supporting Files */,
			);
			path = Udemy_0;
			sourceTree = "<group>";
		};
		41EA9D331A881B290097B62D /* Supporting Files */ = {
			isa = PBXGroup;
			children = (
				41EA9D341A881B290097B62D /* Info.plist */,
			);
			name = "Supporting Files";
			sourceTree = "<group>";
		};
		41EA9D481A881B290097B62D /* Udemy_0Tests */ = {
			isa = PBXGroup;
			children = (
				41EA9D4B1A881B290097B62D /* Udemy_0Tests.swift */,
				41EA9D491A881B290097B62D /* Supporting Files */,
			);
			path = Udemy_0Tests;
			sourceTree = "<group>";
		};
		41EA9D491A881B290097B62D /* Supporting Files */ = {
			isa = PBXGroup;
			children = (
				41EA9D4A1A881B290097B62D /* Info.plist */,
			);
			name = "Supporting Files";
			sourceTree = "<group>";
		};
/* End PBXGroup section */

/* Begin PBXNativeTarget section */
		41EA9D2F1A881B290097B62D /* Udemy_0 */ = {
			isa = PBXNativeTarget;
			buildConfigurationList = 41EA9D4F1A881B290097B62D /* Build configuration list for PBXNativeTarget "Udemy_0" */;
			buildPhases = (
				41EA9D2C1A881B290097B62D /* Sources */,
				41EA9D2D1A881B290097B62D /* Frameworks */,
				41EA9D2E1A881B290097B62D /* Resources */,
			);
			buildRules = (
			);
			dependencies = (
			);
			name = Udemy_0;
			productName = Udemy_0;
			productReference = 41EA9D301A881B290097B62D /* Udemy_0.app */;
			productType = "com.apple.product-type.application";
		};
		41EA9D441A881B290097B62D /* Udemy_0Tests */ = {
			isa = PBXNativeTarget;
			buildConfigurationList = 41EA9D521A881B290097B62D /* Build configuration list for PBXNativeTarget "Udemy_0Tests" */;
			buildPhases = (
				41EA9D411A881B290097B62D /* Sources */,
				41EA9D421A881B290097B62D /* Frameworks */,
				41EA9D431A881B290097B62D /* Resources */,
			);
			buildRules = (
			);
			dependencies = (
				41EA9D471A881B290097B62D /* PBXTargetDependency */,
			);
			name = Udemy_0Tests;
			productName = Udemy_0Tests;
			productReference = 41EA9D451A881B290097B62D /* Udemy_0Tests.xctest */;
			productType = "com.apple.product-type.bundle.unit-test";
		};
/* End PBXNativeTarget section */

/* Begin PBXProject section */
		41EA9D281A881B290097B62D /* Project object */ = {
			isa = PBXProject;
			attributes = {
				LastUpgradeCheck = 0610;
				ORGANIZATIONNAME = "Ricardo Valério";
				TargetAttributes = {
					41EA9D2F1A881B290097B62D = {
						CreatedOnToolsVersion = 6.1.1;
					};
					41EA9D441A881B290097B62D = {
						CreatedOnToolsVersion = 6.1.1;
						TestTargetID = 41EA9D2F1A881B290097B62D;
					};
				};
			};
			buildConfigurationList = 41EA9D2B1A881B290097B62D /* Build configuration list for PBXProject "Udemy_0" */;
			compatibilityVersion = "Xcode 3.2";
			developmentRegion = English;
			hasScannedForEncodings = 0;
			knownRegions = (
				en,
				Base,
			);
			mainGroup = 41EA9D271A881B290097B62D;
			productRefGroup = 41EA9D311A881B290097B62D /* Products */;
			projectDirPath = "";
			projectRoot = "";
			targets = (
				41EA9D2F1A881B290097B62D /* Udemy_0 */,
				41EA9D441A881B290097B62D /* Udemy_0Tests */,
			);
		};
/* End PBXProject section */

/* Begin PBXResourcesBuildPhase section */
		41EA9D2E1A881B290097B62D /* Resources */ = {
			isa = PBXResourcesBuildPhase;
			buildActionMask = 2147483647;
			files = (
				41EA9D3B1A881B290097B62D /* Main.storyboard in Resources */,
				41EA9D401A881B290097B62D /* LaunchScreen.xib in Resources */,
				41EA9D3D1A881B290097B62D /* Images.xcassets in Resources */,
			);
			runOnlyForDeploymentPostprocessing = 0;
		};
		41EA9D431A881B290097B62D /* Resources */ = {
			isa = PBXResourcesBuildPhase;
			buildActionMask = 2147483647;
			files = (
			);
			runOnlyForDeploymentPostprocessing = 0;
		};
/* End PBXResourcesBuildPhase section */

/* Begin PBXSourcesBuildPhase section */
		41EA9D2C1A881B290097B62D /* Sources */ = {
			isa = PBXSourcesBuildPhase;
			buildActionMask = 2147483647;
			files = (
				41EA9D381A881B290097B62D /* ViewController.swift in Sources */,
				41EA9D361A881B290097B62D /* AppDelegate.swift in Sources */,
			);
			runOnlyForDeploymentPostprocessing = 0;
		};
		41EA9D411A881B290097B62D /* Sources */ = {
			isa = PBXSourcesBuildPhase;
			buildActionMask = 2147483647;
			files = (
				41EA9D4C1A881B290097B62D /* Udemy_0Tests.swift in Sources */,
			);
			runOnlyForDeploymentPostprocessing = 0;
		};
/* End PBXSourcesBuildPhase section */

/* Begin PBXTargetDependency section */
		41EA9D471A881B290097B62D /* PBXTargetDependency */ = {
			isa = PBXTargetDependency;
			target = 41EA9D2F1A881B290097B62D /* Udemy_0 */;
			targetProxy = 41EA9D461A881B290097B62D /* PBXContainerItemProxy */;
		};
/* End PBXTargetDependency section */

/* Begin PBXVariantGroup section */
		41EA9D391A881B290097B62D /* Main.storyboard */ = {
			isa = PBXVariantGroup;
			children = (
				41EA9D3A1A881B290097B62D /* Base */,
			);
			name = Main.storyboard;
			sourceTree = "<group>";
		};
		41EA9D3E1A881B290097B62D /* LaunchScreen.xib */ = {
			isa = PBXVariantGroup;
			children = (
				41EA9D3F1A881B290097B62D /* Base */,
			);
			name = LaunchScreen.xib;
			sourceTree = "<group>";
		};
/* End PBXVariantGroup section */

/* Begin XCBuildConfiguration section */
		41EA9D4D1A881B290097B62D /* Debug */ = {
			isa = XCBuildConfiguration;
			buildSettings = {
				ALWAYS_SEARCH_USER_PATHS = NO;
				CLANG_CXX_LANGUAGE_STANDARD = "gnu++0x";
				CLANG_CXX_LIBRARY = "libc++";
				CLANG_ENABLE_MODULES = YES;
				CLANG_ENABLE_OBJC_ARC = YES;
				CLANG_WARN_BOOL_CONVERSION = YES;
				CLANG_WARN_CONSTANT_CONVERSION = YES;
				CLANG_WARN_DIRECT_OBJC_ISA_USAGE = YES_ERROR;
				CLANG_WARN_EMPTY_BODY = YES;
				CLANG_WARN_ENUM_CONVERSION = YES;
				CLANG_WARN_INT_CONVERSION = YES;
				CLANG_WARN_OBJC_ROOT_CLASS = YES_ERROR;
				CLANG_WARN_UNREACHABLE_CODE = YES;
				CLANG_WARN__DUPLICATE_METHOD_MATCH = YES;
				"CODE_SIGN_IDENTITY[sdk=iphoneos*]" = "iPhone Developer";
				COPY_PHASE_STRIP = NO;
				ENABLE_STRICT_OBJC_MSGSEND = YES;
				GCC_C_LANGUAGE_STANDARD = gnu99;
				GCC_DYNAMIC_NO_PIC = NO;
				GCC_OPTIMIZATION_LEVEL = 0;
				GCC_PREPROCESSOR_DEFINITIONS = (
					"DEBUG=1",
					"$(inherited)",
				);
				GCC_SYMBOLS_PRIVATE_EXTERN = NO;
				GCC_WARN_64_TO_32_BIT_CONVERSION = YES;
				GCC_WARN_ABOUT_RETURN_TYPE = YES_ERROR;
				GCC_WARN_UNDECLARED_SELECTOR = YES;
				GCC_WARN_UNINITIALIZED_AUTOS = YES_AGGRESSIVE;
				GCC_WARN_UNUSED_FUNCTION = YES;
				GCC_WARN_UNUSED_VARIABLE = YES;
				IPHONEOS_DEPLOYMENT_TARGET = 8.1;
				MTL_ENABLE_DEBUG_INFO = YES;
				ONLY_ACTIVE_ARCH = YES;
				SDKROOT = iphoneos;
				SWIFT_OPTIMIZATION_LEVEL = "-Onone";
			};
			name = Debug;
		};
		41EA9D4E1A881B290097B62D /* Release */ = {
			isa = XCBuildConfiguration;
			buildSettings = {
				ALWAYS_SEARCH_USER_PATHS = NO;
				CLANG_CXX_LANGUAGE_STANDARD = "gnu++0x";
				CLANG_CXX_LIBRARY = "libc++";
				CLANG_ENABLE_MODULES = YES;
				CLANG_ENABLE_OBJC_ARC = YES;
				CLANG_WARN_BOOL_CONVERSION = YES;
				CLANG_WARN_CONSTANT_CONVERSION = YES;
				CLANG_WARN_DIRECT_OBJC_ISA_USAGE = YES_ERROR;
				CLANG_WARN_EMPTY_BODY = YES;
				CLANG_WARN_ENUM_CONVERSION = YES;
				CLANG_WARN_INT_CONVERSION = YES;
				CLANG_WARN_OBJC_ROOT_CLASS = YES_ERROR;
				CLANG_WARN_UNREACHABLE_CODE = YES;
				CLANG_WARN__DUPLICATE_METHOD_MATCH = YES;
				"CODE_SIGN_IDENTITY[sdk=iphoneos*]" = "iPhone Developer";
				COPY_PHASE_STRIP = YES;
				ENABLE_NS_ASSERTIONS = NO;
				ENABLE_STRICT_OBJC_MSGSEND = YES;
				GCC_C_LANGUAGE_STANDARD = gnu99;
				GCC_WARN_64_TO_32_BIT_CONVERSION = YES;
				GCC_WARN_ABOUT_RETURN_TYPE = YES_ERROR;
				GCC_WARN_UNDECLARED_SELECTOR = YES;
				GCC_WARN_UNINITIALIZED_AUTOS = YES_AGGRESSIVE;
				GCC_WARN_UNUSED_FUNCTION = YES;
				GCC_WARN_UNUSED_VARIABLE = YES;
				IPHONEOS_DEPLOYMENT_TARGET = 8.1;
				MTL_ENABLE_DEBUG_INFO = NO;
				SDKROOT = iphoneos;
				VALIDATE_PRODUCT = YES;
			};
			name = Release;
		};
		41EA9D501A881B290097B62D /* Debug */ = {
			isa = XCBuildConfiguration;
			buildSettings = {
				ASSETCATALOG_COMPILER_APPICON_NAME = AppIcon;
				INFOPLIST_FILE = Udemy_0/Info.plist;
				LD_RUNPATH_SEARCH_PATHS = "$(inherited) @executable_path/Frameworks";
				PRODUCT_NAME = "$(TARGET_NAME)";
			};
			name = Debug;
		};
		41EA9D511A881B290097B62D /* Release */ = {
			isa = XCBuildConfiguration;
			buildSettings = {
				ASSETCATALOG_COMPILER_APPICON_NAME = AppIcon;
				INFOPLIST_FILE = Udemy_0/Info.plist;
				LD_RUNPATH_SEARCH_PATHS = "$(inherited) @executable_path/Frameworks";
				PRODUCT_NAME = "$(TARGET_NAME)";
			};
			name = Release;
		};
		41EA9D531A881B290097B62D /* Debug */ = {
			isa = XCBuildConfiguration;
			buildSettings = {
				BUNDLE_LOADER = "$(TEST_HOST)";
				FRAMEWORK_SEARCH_PATHS = (
					"$(SDKROOT)/Developer/Library/Frameworks",
					"$(inherited)",
				);
				GCC_PREPROCESSOR_DEFINITIONS = (
					"DEBUG=1",
					"$(inherited)",
				);
				INFOPLIST_FILE = Udemy_0Tests/Info.plist;
				LD_RUNPATH_SEARCH_PATHS = "$(inherited) @executable_path/Frameworks @loader_path/Frameworks";
				PRODUCT_NAME = "$(TARGET_NAME)";
				TEST_HOST = "$(BUILT_PRODUCTS_DIR)/Udemy_0.app/Udemy_0";
			};
			name = Debug;
		};
		41EA9D541A881B290097B62D /* Release */ = {
			isa = XCBuildConfiguration;
			buildSettings = {
				BUNDLE_LOADER = "$(TEST_HOST)";
				FRAMEWORK_SEARCH_PATHS = (
					"$(SDKROOT)/Developer/Library/Frameworks",
					"$(inherited)",
				);
				INFOPLIST_FILE = Udemy_0Tests/Info.plist;
				LD_RUNPATH_SEARCH_PATHS = "$(inherited) @executable_path/Frameworks @loader_path/Frameworks";
				PRODUCT_NAME = "$(TARGET_NAME)";
				TEST_HOST = "$(BUILT_PRODUCTS_DIR)/Udemy_0.app/Udemy_0";
			};
			name = Release;
		};
/* End XCBuildConfiguration section */

/* Begin XCConfigurationList section */
		41EA9D2B1A881B290097B62D /* Build configuration list for PBXProject "Udemy_0" */ = {
			isa = XCConfigurationList;
			buildConfigurations = (
				41EA9D4D1A881B290097B62D /* Debug */,
				41EA9D4E1A881B290097B62D /* Release */,
			);
			defaultConfigurationIsVisible = 0;
			defaultConfigurationName = Release;
		};
		41EA9D4F1A881B290097B62D /* Build configuration list for PBXNativeTarget "Udemy_0" */ = {
			isa = XCConfigurationList;
			buildConfigurations = (
				41EA9D501A881B290097B62D /* Debug */,
				41EA9D511A881B290097B62D /* Release */,
			);
			defaultConfigurationIsVisible = 0;
		};
		41EA9D521A881B290097B62D /* Build configuration list for PBXNativeTarget "Udemy_0Tests" */ = {
			isa = XCConfigurationList;
			buildConfigurations = (
				41EA9D531A881B290097B62D /* Debug */,
				41EA9D541A881B290097B62D /* Release */,
			);
			defaultConfigurationIsVisible = 0;
		};
/* End XCConfigurationList section */
	};
	rootObject = 41EA9D281A881B290097B62D /* Project object */;
}
